
Microsoft Visual Studio Solution File, Format Version 11.00
# Visual Studio 2010
Project("{8BC9CEB8-8B4A-11D0-8D11-00A0C91BC942}") = "(C02)ScrnSize", "ScrnSize\ScrnSize.vcxproj", "{89131330-241B-49D1-9D5D-8910A4D7FD3B}"
EndProject
Project("{8BC9CEB8-8B4A-11D0-8D11-00A0C91BC942}") = "(C01)HelloMsg", "HelloMsg\HelloMsg.vcxproj", "{FDF25FC3-1477-4598-9FFB-AEEC8F686E39}"
EndProject
Project("{8BC9CEB8-8B4A-11D0-8D11-00A0C91BC942}") = "(C03)HelloWin", "HelloWin\HelloWin.vcxproj", "{6E3D7B86-1408-4603-909F-0F76B8DADD6F}"
EndProject
Project("{8BC9CEB8-8B4A-11D0-8D11-00A0C91BC942}") = "(C04)SysMets1", "SysMets1\SysMets1.vcxproj", "{9B3077BA-B78C-4CA7-BA1E-22C4A68DF95E}"
EndProject
Project("{8BC9CEB8-8B4A-11D0-8D11-00A0C91BC942}") = "(C04)SysMets2", "SysMets2\SysMets2.vcxproj", "{E07B7C41-AF45-41FF-8A9C-77AE52142827}"
EndProject
Project("{8BC9CEB8-8B4A-11D0-8D11-00A0C91BC942}") = "(C04)SysMets3", "SysMets3\SysMets3.vcxproj", "{A1A9FD23-6F4E-4865-8033-AE3D0D841420}"
EndProject
Project("{8BC9CEB8-8B4A-11D0-8D11-00A0C91BC942}") = "(C05)DevCaps1", "DevCaps1\DevCaps1.vcxproj", "{C5F6656E-9132-4154-9722-29CB97642062}"
EndProject
Project("{8BC9CEB8-8B4A-11D0-8D11-00A0C91BC942}") = "(C05)SineWave", "SineWave\SineWave.vcxproj", "{D3C44FBD-ABDA-41B3-9D21-84DDC4AFCFB7}"
EndProject
Project("{8BC9CEB8-8B4A-11D0-8D11-00A0C91BC942}") = "(C05)LineDemo", "LineDemo\LineDemo.vcxproj", "{EE99D96F-C3FA-4231-81EA-9BAF0CB69E2D}"
EndProject
Project("{8BC9CEB8-8B4A-11D0-8D11-00A0C91BC942}") = "(C05)Bezier", "Bezier\Bezier.vcxproj", "{55076C95-CA73-4C04-9D81-8E654774044B}"
EndProject
Project("{8BC9CEB8-8B4A-11D0-8D11-00A0C91BC942}") = "(C05)AltWind", "AltWind\AltWind.vcxproj", "{D1CD449B-47B6-4DB5-8CC6-FE8C344DE666}"
EndProject
Project("{8BC9CEB8-8B4A-11D0-8D11-00A0C91BC942}") = "(C05)WhatSize", "WhatSize\WhatSize.vcxproj", "{F8DC8775-A432-4893-9204-BD09A98F4931}"
EndProject
Project("{8BC9CEB8-8B4A-11D0-8D11-00A0C91BC942}") = "MyWhatSize", "MyWhatSize\MyWhatSize.vcxproj", "{C739E455-FBE8-40BB-B689-562EF7A860DF}"
EndProject
Project("{8BC9CEB8-8B4A-11D0-8D11-00A0C91BC942}") = "(C05)RandRect", "RandRect\RandRect.vcxproj", "{7F6DA8F5-00DE-453D-8885-7508820AA814}"
EndProject
Project("{8BC9CEB8-8B4A-11D0-8D11-00A0C91BC942}") = "MyPolygon", "MyPolygon\MyPolygon.vcxproj", "{EF362E78-63D4-45EF-89F3-EC4A5589A73D}"
EndProject
Project("{8BC9CEB8-8B4A-11D0-8D11-00A0C91BC942}") = "(C05)Clover", "Clover\Clover.vcxproj", "{B21167D3-7481-436E-9133-0694C0289515}"
EndProject
Project("{8BC9CEB8-8B4A-11D0-8D11-00A0C91BC942}") = "(C06)SysMets4", "SysMets4\SysMets4.vcxproj", "{2CD17DF2-DD88-450C-837B-4BC19ED61696}"
EndProject
Project("{8BC9CEB8-8B4A-11D0-8D11-00A0C91BC942}") = "(C06)KeyView1", "KeyView1\KeyView1.vcxproj", "{52FC9B95-62D2-4281-ACA1-3E5C09983C93}"
EndProject
Project("{8BC9CEB8-8B4A-11D0-8D11-00A0C91BC942}") = "MatrixDigitalRain", "MatrixDigitalRain\MatrixDigitalRain.vcxproj", "{8BC6FA3F-2506-4BBC-B665-4F20D812D39E}"
EndProject
Project("{8BC9CEB8-8B4A-11D0-8D11-00A0C91BC942}") = "(C06)StokFont", "StokFont\StokFont.vcxproj", "{ECC1D37F-EFE9-4A31-8D80-5DA034252E32}"
EndProject
Project("{8BC9CEB8-8B4A-11D0-8D11-00A0C91BC942}") = "(C06)KeyView2", "KeyView2\KeyView2.vcxproj", "{B99B77FA-3484-49BA-85ED-8AB06B201E72}"
EndProject
Project("{8BC9CEB8-8B4A-11D0-8D11-00A0C91BC942}") = "(C06)Typer", "Typer\Typer.vcxproj", "{3306EBAD-E6DE-4E0A-BCF9-9EA2891988E6}"
EndProject
Project("{8BC9CEB8-8B4A-11D0-8D11-00A0C91BC942}") = "MyTyper", "MyTyper\MyTyper.vcxproj", "{FE3E1FB4-4875-4EFD-AFE7-4A1F60C59ED8}"
EndProject
Project("{8BC9CEB8-8B4A-11D0-8D11-00A0C91BC942}") = "(C07)Connect", "Connect\Connect.vcxproj", "{2E5D42DA-196B-4B63-A696-DD736893B2EF}"
EndProject
Project("{8BC9CEB8-8B4A-11D0-8D11-00A0C91BC942}") = "MyConnect", "MyConnect\MyConnect.vcxproj", "{0518997C-4D91-45C3-8558-B3A92754B141}"
EndProject
Project("{8BC9CEB8-8B4A-11D0-8D11-00A0C91BC942}") = "(C07)Checker1", "Checker1\Checker1.vcxproj", "{AE31AAD4-1F07-4CCB-96D7-4AA8206251E7}"
EndProject
Project("{8BC9CEB8-8B4A-11D0-8D11-00A0C91BC942}") = "(C07)Checker2", "Checker2\Checker2.vcxproj", "{41CB85ED-A0DE-4FB6-9C5C-CC8C282CC18C}"
EndProject
Project("{8BC9CEB8-8B4A-11D0-8D11-00A0C91BC942}") = "MyChecker2", "MyChecker2\MyChecker2.vcxproj", "{5370B8A9-08EB-4534-8999-5C7A7C11BDA2}"
EndProject
Project("{8BC9CEB8-8B4A-11D0-8D11-00A0C91BC942}") = "(C07)Checker3", "Checker3\Checker3.vcxproj", "{F94CF615-E694-4A5E-B4AF-6CECED746C6A}"
EndProject
Project("{8BC9CEB8-8B4A-11D0-8D11-00A0C91BC942}") = "MyChecker3", "MyChecker3\MyChecker3.vcxproj", "{88AEB4E4-EF95-4831-9EA6-E05C0C0F6E81}"
EndProject
Project("{8BC9CEB8-8B4A-11D0-8D11-00A0C91BC942}") = "(C07)Checker4", "Checker4\Checker4.vcxproj", "{6A58ED77-B6E4-40DD-BCA7-2CB239ACC90B}"
EndProject
Project("{8BC9CEB8-8B4A-11D0-8D11-00A0C91BC942}") = "MyChecker4", "MyChecker4\MyChecker4.vcxproj", "{E4FB7C16-4F47-40AB-AA62-2E7403F405B1}"
EndProject
Project("{8BC9CEB8-8B4A-11D0-8D11-00A0C91BC942}") = "(C07)BlokOut1", "BlokOut1\BlokOut1.vcxproj", "{FB565909-EF66-4CD8-AF64-871C24D0A828}"
EndProject
Project("{8BC9CEB8-8B4A-11D0-8D11-00A0C91BC942}") = "MyBlokOut1", "MyBlokOut1\MyBlokOut1.vcxproj", "{4B49E416-0E97-4255-A6B3-18A94E1279C1}"
EndProject
Project("{8BC9CEB8-8B4A-11D0-8D11-00A0C91BC942}") = "(C07)BlokOut2", "BlokOut2\BlokOut2.vcxproj", "{0DB09528-EF12-4D25-9D10-777513E5D97A}"
EndProject
Project("{8BC9CEB8-8B4A-11D0-8D11-00A0C91BC942}") = "(C07)SysMets", "SysMets\SysMets.vcxproj", "{8BB0E045-E238-4B05-B44A-67DAB38E0034}"
EndProject
Project("{8BC9CEB8-8B4A-11D0-8D11-00A0C91BC942}") = "(C08)Beeper1", "Beeper1\Beeper1.vcxproj", "{3343AE2D-1A13-4643-8978-694F34E472EF}"
EndProject
Project("{8BC9CEB8-8B4A-11D0-8D11-00A0C91BC942}") = "(C08)Beeper2", "Beeper2\Beeper2.vcxproj", "{371D84C2-CB6A-439C-9363-524269AE82EC}"
EndProject
Project("{8BC9CEB8-8B4A-11D0-8D11-00A0C91BC942}") = "(C08)Clock", "Clock\Clock.vcxproj", "{06173645-BD98-4A23-9B45-DEC40BE2362B}"
EndProject
Project("{8BC9CEB8-8B4A-11D0-8D11-00A0C91BC942}") = "(C08)DigClock", "DigClock\DigClock.vcxproj", "{435E0689-C6D1-41A8-AD79-8E1C00F62649}"
EndProject
Project("{8BC9CEB8-8B4A-11D0-8D11-00A0C91BC942}") = "MyDigClock", "MyDigClock\MyDigClock.vcxproj", "{A6D27378-DA77-4487-830B-101B3A0C7FB4}"
EndProject
Project("{8BC9CEB8-8B4A-11D0-8D11-00A0C91BC942}") = "(C08)WhatClr", "WhatClr\WhatClr.vcxproj", "{DDBA26EB-DE5A-4A4C-9A35-B2985B79B86E}"
EndProject
Project("{8BC9CEB8-8B4A-11D0-8D11-00A0C91BC942}") = "(C09)BtnLook", "BtnLook\BtnLook.vcxproj", "{790BB2F3-861B-4FF9-9FA9-F5A12EB7B18A}"
EndProject
Project("{8BC9CEB8-8B4A-11D0-8D11-00A0C91BC942}") = "MyBtnLook", "MyBtnLook\MyBtnLook.vcxproj", "{DFBE0511-F064-4DA0-9DDD-306478B1356B}"
EndProject
Project("{8BC9CEB8-8B4A-11D0-8D11-00A0C91BC942}") = "(C09)OwnDraw", "OwnDraw\OwnDraw.vcxproj", "{0B9C4AE3-1D64-4194-BAE7-74CCFE851066}"
EndProject
Project("{8BC9CEB8-8B4A-11D0-8D11-00A0C91BC942}") = "MyOwnDraw", "MyOwnDraw\MyOwnDraw.vcxproj", "{23D5B5F5-86C9-41FF-A080-0BB7F1523A00}"
EndProject
Project("{8BC9CEB8-8B4A-11D0-8D11-00A0C91BC942}") = "(C09)Colors1", "Colors1\Colors1.vcxproj", "{7A4D49E9-8918-4DD1-87E6-E8339E4BF3E4}"
EndProject
Project("{8BC9CEB8-8B4A-11D0-8D11-00A0C91BC942}") = "MyColors1", "MyColors1\MyColors1.vcxproj", "{BAABDA15-6B2D-4994-B7E4-87A63FE1620C}"
EndProject
Project("{8BC9CEB8-8B4A-11D0-8D11-00A0C91BC942}") = "(C09)PopPad1", "PopPad1\PopPad1.vcxproj", "{B29C0C64-F13D-4BE7-957E-F582CD5D8EA0}"
EndProject
Project("{8BC9CEB8-8B4A-11D0-8D11-00A0C91BC942}") = "(C09)Environ", "Environ\Environ.vcxproj", "{8AA59735-8D69-4085-9B6E-8A4CC62E9225}"
EndProject
Project("{8BC9CEB8-8B4A-11D0-8D11-00A0C91BC942}") = "MyEnviron", "MyEnviron\MyEnviron.vcxproj", "{0E3A251E-8F20-4741-8615-95F40FEF8BDD}"
EndProject
Project("{8BC9CEB8-8B4A-11D0-8D11-00A0C91BC942}") = "(C09)Head", "Head\Head.vcxproj", "{7EB31F3D-CB31-4607-A937-664B36EF4528}"
EndProject
Project("{8BC9CEB8-8B4A-11D0-8D11-00A0C91BC942}") = "MyH", "MyH\MyH.vcxproj", "{A93DC34F-8624-432A-8A5A-4DF370AEF4A7}"
EndProject
Project("{8BC9CEB8-8B4A-11D0-8D11-00A0C91BC942}") = "MyEncrypt", "MyEncrypt\MyEncrypt.vcxproj", "{FDED9224-EFD1-4832-AF0B-41F24413ED05}"
EndProject
Project("{8BC9CEB8-8B4A-11D0-8D11-00A0C91BC942}") = "MyDecrypt", "MyDecrypt\MyDecrypt.vcxproj", "{7B2C258E-2F0B-4030-A3F1-6A8A52720FAC}"
EndProject
Project("{8BC9CEB8-8B4A-11D0-8D11-00A0C91BC942}") = "Win32Console", "Win32Console\Win32Console.vcxproj", "{DF24B333-AAE8-4AE8-A6BA-8A176C6677A1}"
EndProject
Project("{8BC9CEB8-8B4A-11D0-8D11-00A0C91BC942}") = "(C10)IconDemo", "IconDemo\IconDemo.vcxproj", "{0723EFDC-4144-4239-AA6A-A6D5B036B079}"
EndProject
Project("{8BC9CEB8-8B4A-11D0-8D11-00A0C91BC942}") = "(C10)MenuDemo", "MenuDemo\MenuDemo.vcxproj", "{F760BA4E-C496-4FB1-9CA9-FF8141A14B3F}"
EndProject
Project("{8BC9CEB8-8B4A-11D0-8D11-00A0C91BC942}") = "(C10)NoPopups", "NoPopups\NoPopups.vcxproj", "{8863C3BB-4F3B-46AD-AB0A-B34835415CD7}"
EndProject
Project("{8BC9CEB8-8B4A-11D0-8D11-00A0C91BC942}") = "(C10)PoePoem", "PoePoem\PoePoem.vcxproj", "{9E84DFD6-0CC7-4E0F-BC8A-9D53115CBFD2}"
EndProject
Project("{8BC9CEB8-8B4A-11D0-8D11-00A0C91BC942}") = "(C10)PoorMenu", "PoorMenu\PoorMenu.vcxproj", "{60CE644A-8EC8-409A-B992-3B506FD25259}"
EndProject
Project("{8BC9CEB8-8B4A-11D0-8D11-00A0C91BC942}") = "(C10)PopMenu", "PopMenu\PopMenu.vcxproj", "{845E986E-5327-46B5-9694-EC071F4A160A}"
EndProject
Project("{8BC9CEB8-8B4A-11D0-8D11-00A0C91BC942}") = "(C10)PopPad2", "PopPad2\PopPad2.vcxproj", "{2105AEC5-28AC-4EAC-98FD-FCA50BB537A9}"
EndProject
Project("{8BC9CEB8-8B4A-11D0-8D11-00A0C91BC942}") = "(C11)About1", "About1\About1.vcxproj", "{D49562FC-30A6-4935-9B48-63A93FDA08B0}"
EndProject
Project("{8BC9CEB8-8B4A-11D0-8D11-00A0C91BC942}") = "(C11)About2", "About2\About2.vcxproj", "{9C26F16B-DF89-4A54-8D90-D7B117B1D2EA}"
EndProject
Project("{8BC9CEB8-8B4A-11D0-8D11-00A0C91BC942}") = "(C11)About3", "About3\About3.vcxproj", "{CE22E281-BDE8-4E49-81AA-6D417B23C4AA}"
EndProject
Project("{8BC9CEB8-8B4A-11D0-8D11-00A0C91BC942}") = "(C11)Colors2", "Colors2\Colors2.vcxproj", "{F75E435C-D0D9-4F7D-AA43-FC2624F841B5}"
EndProject
Project("{8BC9CEB8-8B4A-11D0-8D11-00A0C91BC942}") = "(C11)Colors3", "Colors3\Colors3.vcxproj", "{D585F15C-06E6-4657-BD9B-D5F539C84AD7}"
EndProject
Project("{8BC9CEB8-8B4A-11D0-8D11-00A0C91BC942}") = "(C11)HexCalc", "HexCalc\HexCalc.vcxproj", "{29011C43-CCCE-43D3-B322-48BB3FCB9E37}"
EndProject
Project("{8BC9CEB8-8B4A-11D0-8D11-00A0C91BC942}") = "(C11)PopPad3", "PopPad3\PopPad3.vcxproj", "{AD81E972-2F24-48CB-A278-60AC5DEE9B8A}"
EndProject
Project("{8BC9CEB8-8B4A-11D0-8D11-00A0C91BC942}") = "(C12)ClipText", "ClipText\ClipText.vcxproj", "{DD30FCE2-6C7E-4433-9778-F0EE65BE5D67}"
EndProject
Project("{8BC9CEB8-8B4A-11D0-8D11-00A0C91BC942}") = "(C12)ClipView", "ClipView\ClipView.vcxproj", "{AD87B5A2-1BD0-4539-AEC4-698EC1130BE2}"
EndProject
Project("{8BC9CEB8-8B4A-11D0-8D11-00A0C91BC942}") = "(C13)DevCaps2", "DevCaps2\DevCaps2.vcxproj", "{6739471E-1A2E-4F8D-A682-343F34E9F33C}"
EndProject
Project("{8BC9CEB8-8B4A-11D0-8D11-00A0C91BC942}") = "(C13)FormFeed", "FormFeed\FormFeed.vcxproj", "{C43C9322-938A-499D-A425-639A6C11136B}"
EndProject
Project("{8BC9CEB8-8B4A-11D0-8D11-00A0C91BC942}") = "(C13)PopPad", "PopPad\PopPad.vcxproj", "{1A3FF2B4-7C0A-4213-8775-E23152112112}"
EndProject
Project("{8BC9CEB8-8B4A-11D0-8D11-00A0C91BC942}") = "(C13)Print1", "Print1\Print1.vcxproj", "{85C7FAD6-D209-47C7-958D-538EF4CBE4A6}"
EndProject
Project("{8BC9CEB8-8B4A-11D0-8D11-00A0C91BC942}") = "(C13)Print2", "Print2\Print2.vcxproj", "{6DF070ED-67D2-4117-A068-FDE063FE86B6}"
EndProject
Project("{8BC9CEB8-8B4A-11D0-8D11-00A0C91BC942}") = "(C13)Print3", "Print3\Print3.vcxproj", "{DBEFDCEC-4D72-4E55-B97C-5BAA2C11874D}"
EndProject
Project("{8BC9CEB8-8B4A-11D0-8D11-00A0C91BC942}") = "(C14)BitBlt", "BitBlt\BitBlt.vcxproj", "{258541B9-F064-4988-8421-B315A01CB30F}"
EndProject
Project("{8BC9CEB8-8B4A-11D0-8D11-00A0C91BC942}") = "(C14)BitMask", "BitMask\BitMask.vcxproj", "{D97438A3-4D5A-43F8-AA8F-B4B973CCE786}"
EndProject
Project("{8BC9CEB8-8B4A-11D0-8D11-00A0C91BC942}") = "(C14)Blowup", "Blowup\Blowup.vcxproj", "{D667FF9D-CE1C-40EB-A161-FE77804F76E3}"
EndProject
Project("{8BC9CEB8-8B4A-11D0-8D11-00A0C91BC942}") = "(C14)Bounce", "Bounce\Bounce.vcxproj", "{E080202E-494D-4E78-AB38-60E231EBACEA}"
EndProject
Project("{8BC9CEB8-8B4A-11D0-8D11-00A0C91BC942}") = "(C14)Bricks1", "Bricks1\Bricks1.vcxproj", "{1B5DC6E3-364D-408D-8D66-19178A851E1F}"
EndProject
Project("{8BC9CEB8-8B4A-11D0-8D11-00A0C91BC942}") = "(C14)Bricks2", "Bricks2\Bricks2.vcxproj", "{8E45A313-CA20-480E-953C-A6F96B3F5ADC}"
EndProject
Project("{8BC9CEB8-8B4A-11D0-8D11-00A0C91BC942}") = "(C14)Bricks3", "Bricks3\Bricks3.vcxproj", "{33DC11F7-B684-452F-9A5D-31AD0495FCD2}"
EndProject
Project("{8BC9CEB8-8B4A-11D0-8D11-00A0C91BC942}") = "(C14)GrafMenu", "GrafMenu\GrafMenu.vcxproj", "{A64390BE-785F-4A77-ADFF-5AC88F581B47}"
EndProject
Project("{8BC9CEB8-8B4A-11D0-8D11-00A0C91BC942}") = "(C14)HelloBit", "HelloBit\HelloBit.vcxproj", "{2171CE1B-3AF5-4F45-828E-DE898A6BA7E3}"
EndProject
Project("{8BC9CEB8-8B4A-11D0-8D11-00A0C91BC942}") = "(C14)Scramble", "Scramble\Scramble.vcxproj", "{E4CED47C-37AC-46E1-950D-7EAA363C9A7B}"
EndProject
Project("{8BC9CEB8-8B4A-11D0-8D11-00A0C91BC942}") = "(C14)Sketch", "Sketch\Sketch.vcxproj", "{56DF1061-4879-4C37-886C-F7AB98B4DE27}"
EndProject
Project("{8BC9CEB8-8B4A-11D0-8D11-00A0C91BC942}") = "(C14)Stretch", "Stretch\Stretch.vcxproj", "{99D51AF8-59EA-466E-8284-611CB87FB945}"
EndProject
Project("{8BC9CEB8-8B4A-11D0-8D11-00A0C91BC942}") = "(C15)Apollo11", "Apollo11\Apollo11.vcxproj", "{094E84EE-DC60-4626-B527-BC887B53A590}"
EndProject
Project("{8BC9CEB8-8B4A-11D0-8D11-00A0C91BC942}") = "(C15)DibConv", "DibConv\DibConv.vcxproj", "{F7F4E414-E96D-48A2-8EB3-603BD7094044}"
EndProject
Project("{8BC9CEB8-8B4A-11D0-8D11-00A0C91BC942}") = "(C15)DibHeads", "DibHeads\DibHeads.vcxproj", "{2E2B30EC-BAAD-4C29-92DB-B52AAD3907A5}"
EndProject
Project("{8BC9CEB8-8B4A-11D0-8D11-00A0C91BC942}") = "(C15)DibSect", "DibSect\DibSect.vcxproj", "{1635D269-D7E1-4B5B-B2C1-F9C4DBD27A6E}"
EndProject
Project("{8BC9CEB8-8B4A-11D0-8D11-00A0C91BC942}") = "(C15)SeqDisp", "SeqDisp\SeqDisp.vcxproj", "{A78C6805-F2DC-4362-8822-2652E40B93BA}"
EndProject
Project("{8BC9CEB8-8B4A-11D0-8D11-00A0C91BC942}") = "(C15)ShowDib1", "ShowDib1\ShowDib1.vcxproj", "{7A9A5C2C-05A8-4E47-9505-D1BB69B54662}"
EndProject
Project("{8BC9CEB8-8B4A-11D0-8D11-00A0C91BC942}") = "(C15)ShowDib2", "ShowDib2\ShowDib2.vcxproj", "{332D71EF-B25B-4A0D-9EA5-A1188267898D}"
EndProject
Project("{8BC9CEB8-8B4A-11D0-8D11-00A0C91BC942}") = "(C16)AllColor", "AllColor\AllColor.vcxproj", "{1F025BBA-F6DB-420F-992C-8A90BF4B5910}"
EndProject
Project("{8BC9CEB8-8B4A-11D0-8D11-00A0C91BC942}") = "(C16)Bounce2", "Bounce2\Bounce2.vcxproj", "{DE37A627-39F2-4ED2-B5B9-FAAEDFC59E3E}"
EndProject
Project("{8BC9CEB8-8B4A-11D0-8D11-00A0C91BC942}") = "(C16)Dibble", "Dibble\Dibble.vcxproj", "{6AF7B9AE-51D0-4935-BC37-AD0DC9C7011C}"
EndProject
Project("{8BC9CEB8-8B4A-11D0-8D11-00A0C91BC942}") = "(C16)Fader", "Fader\Fader.vcxproj", "{38211373-A73A-4647-9797-FC04576CBF6E}"
EndProject
Project("{8BC9CEB8-8B4A-11D0-8D11-00A0C91BC942}") = "(C16)Grays1", "Grays1\Grays1.vcxproj", "{6CBFF3FE-9473-4666-B146-ED564871FA07}"
EndProject
Project("{8BC9CEB8-8B4A-11D0-8D11-00A0C91BC942}") = "(C16)Grays2", "Grays2\Grays2.vcxproj", "{0A96D310-C8FD-4BA3-A579-6740D6737E3D}"
EndProject
Project("{8BC9CEB8-8B4A-11D0-8D11-00A0C91BC942}") = "(C16)Grays3", "Grays3\Grays3.vcxproj", "{896FD94F-31AE-4672-9B6C-C60D14931636}"
EndProject
Project("{8BC9CEB8-8B4A-11D0-8D11-00A0C91BC942}") = "(C16)Pipes", "Pipes\Pipes.vcxproj", "{3E438BD0-604C-4410-8198-561B46D9CDE5}"
EndProject
Project("{8BC9CEB8-8B4A-11D0-8D11-00A0C91BC942}") = "(C16)ShowDib3", "ShowDib3\ShowDib3.vcxproj", "{C24F72FA-3126-4D21-9589-FDBF99944C17}"
EndProject
Project("{8BC9CEB8-8B4A-11D0-8D11-00A0C91BC942}") = "(C16)ShowDib4", "ShowDib4\ShowDib4.vcxproj", "{F5A8A896-A7D8-4484-B016-8DBE2B59F978}"
EndProject
Project("{8BC9CEB8-8B4A-11D0-8D11-00A0C91BC942}") = "(C16)ShowDib5", "ShowDib5\ShowDib5.vcxproj", "{352F2F2A-101D-495E-80C7-9FF5CC8A670C}"
EndProject
Project("{8BC9CEB8-8B4A-11D0-8D11-00A0C91BC942}") = "(C16)ShowDib6", "ShowDib6\ShowDib6.vcxproj", "{DDA90741-F6E9-4477-928B-82DD7188A428}"
EndProject
Project("{8BC9CEB8-8B4A-11D0-8D11-00A0C91BC942}") = "(C16)ShowDib7", "ShowDib7\ShowDib7.vcxproj", "{1645D76B-48BE-4B3B-B47D-3476BFF13040}"
EndProject
Project("{8BC9CEB8-8B4A-11D0-8D11-00A0C91BC942}") = "(C16)ShowDib8", "ShowDib8\ShowDib8.vcxproj", "{BFBA8AA5-F50E-46F6-86C4-E8C71A45D19D}"
EndProject
Project("{8BC9CEB8-8B4A-11D0-8D11-00A0C91BC942}") = "(C16)SysPal1", "SysPal1\SysPal1.vcxproj", "{FCB9126B-117F-4DEC-AA2B-8798A5B0A72F}"
EndProject
Project("{8BC9CEB8-8B4A-11D0-8D11-00A0C91BC942}") = "(C16)SysPal2", "SysPal2\SysPal2.vcxproj", "{E702F28C-7584-4BA0-B35A-892E72EA612E}"
EndProject
Project("{8BC9CEB8-8B4A-11D0-8D11-00A0C91BC942}") = "(C16)SysPal3", "SysPal3\SysPal3.vcxproj", "{B62C3C7B-2DCA-42C1-890C-0EDD79FF01AA}"
EndProject
Project("{8BC9CEB8-8B4A-11D0-8D11-00A0C91BC942}") = "(C16)Tunnel", "Tunnel\Tunnel.vcxproj", "{95A6BF1E-3446-4215-9DCC-4929391757B1}"
EndProject
Project("{8BC9CEB8-8B4A-11D0-8D11-00A0C91BC942}") = "(C17)ChosFont", "ChosFont\ChosFont.vcxproj", "{44A6C827-1619-46DC-BD44-4B99639E9A0D}"
EndProject
Project("{8BC9CEB8-8B4A-11D0-8D11-00A0C91BC942}") = "(C17)EndJoin", "EndJoin\EndJoin.vcxproj", "{631F7365-D843-4E73-BCD3-6665A6A10529}"
EndProject
Project("{8BC9CEB8-8B4A-11D0-8D11-00A0C91BC942}") = "(C17)EZTest", "EZTest\EZTest.vcxproj", "{E2D6EF99-FA23-4B16-90BC-3A82AC1E0A49}"
EndProject
Project("{8BC9CEB8-8B4A-11D0-8D11-00A0C91BC942}") = "(C17)FontClip", "FontClip\FontClip.vcxproj", "{3DCC23E7-CF27-4C1E-82ED-78F8517D0610}"
EndProject
Project("{8BC9CEB8-8B4A-11D0-8D11-00A0C91BC942}") = "(C17)FontFill", "FontFill\FontFill.vcxproj", "{EF57C135-732B-4599-8714-8E0054C56CCC}"
EndProject
Project("{8BC9CEB8-8B4A-11D0-8D11-00A0C91BC942}") = "(C17)FontOut1", "FontOut1\FontOut1.vcxproj", "{396D2457-24B7-457E-91B5-567A2CF294DB}"
EndProject
Project("{8BC9CEB8-8B4A-11D0-8D11-00A0C91BC942}") = "(C17)FontOut2", "FontOut2\FontOut2.vcxproj", "{4B2EB31F-78D0-4C42-BABD-409039A6B5E3}"
EndProject
Project("{8BC9CEB8-8B4A-11D0-8D11-00A0C91BC942}") = "(C17)FontRot", "FontRot\FontRot.vcxproj", "{776ECEE1-F810-4BD5-989F-868F64414C51}"
EndProject
Project("{8BC9CEB8-8B4A-11D0-8D11-00A0C91BC942}") = "(C17)Justify1", "Justify1\Justify1.vcxproj", "{A145489B-F787-4E9B-B78E-1B11E4468BA3}"
EndProject
Project("{8BC9CEB8-8B4A-11D0-8D11-00A0C91BC942}") = "(C17)Justify2", "Justify2\Justify2.vcxproj", "{4D53D068-ABB2-4D39-9CC9-8E81180675C0}"
EndProject
Project("{8BC9CEB8-8B4A-11D0-8D11-00A0C91BC942}") = "(C17)PickFont", "PickFont\PickFont.vcxproj", "{F9753D7B-A429-4D83-A8B4-4D28E0B5BC43}"
EndProject
Project("{8BC9CEB8-8B4A-11D0-8D11-00A0C91BC942}") = "(C17)Unichars", "UniChars\Unichars.vcxproj", "{BD5A1242-75EE-45BD-B87D-A0B4EA9DFA51}"
EndProject
Project("{8BC9CEB8-8B4A-11D0-8D11-00A0C91BC942}") = "(C18)Emf01", "Emf1\Emf1.vcxproj", "{9CA46C49-BD68-4E2F-A473-A02EEB4F0247}"
EndProject
Project("{8BC9CEB8-8B4A-11D0-8D11-00A0C91BC942}") = "(C18)Emf02", "Emf2\Emf2.vcxproj", "{55F6B626-0E3E-4360-ACE4-CDCA6722B09C}"
EndProject
Project("{8BC9CEB8-8B4A-11D0-8D11-00A0C91BC942}") = "(C18)Emf03", "Emf3\Emf3.vcxproj", "{2932A16E-E530-486A-B91D-8D8EA7388F08}"
EndProject
Project("{8BC9CEB8-8B4A-11D0-8D11-00A0C91BC942}") = "(C18)Emf04", "Emf4\Emf4.vcxproj", "{44B455C2-F45E-44C9-9D61-7F4037848C15}"
EndProject
Project("{8BC9CEB8-8B4A-11D0-8D11-00A0C91BC942}") = "(C18)Emf05", "Emf5\Emf5.vcxproj", "{432CEF92-4D0E-4F35-A9DD-0F38681D3A0D}"
EndProject
Project("{8BC9CEB8-8B4A-11D0-8D11-00A0C91BC942}") = "(C18)Emf06", "Emf6\Emf6.vcxproj", "{AE6DA63F-3879-4CF0-B47C-64021AE16332}"
EndProject
Project("{8BC9CEB8-8B4A-11D0-8D11-00A0C91BC942}") = "(C18)Emf07", "Emf7\Emf7.vcxproj", "{BADC038B-8578-446D-80CE-D26A99AB50B4}"
EndProject
Project("{8BC9CEB8-8B4A-11D0-8D11-00A0C91BC942}") = "(C18)Emf08", "Emf8\Emf8.vcxproj", "{F86397B9-D3FA-4847-931F-B1AF61D30B04}"
EndProject
Project("{8BC9CEB8-8B4A-11D0-8D11-00A0C91BC942}") = "(C18)Emf09", "Emf9\Emf9.vcxproj", "{9A8460E1-60B1-4165-85B5-3E873DE6C79C}"
EndProject
Project("{8BC9CEB8-8B4A-11D0-8D11-00A0C91BC942}") = "(C18)Emf10", "Emf10\Emf10.vcxproj", "{601E86C7-6034-4BBF-A82D-72C1F4652D26}"
EndProject
Project("{8BC9CEB8-8B4A-11D0-8D11-00A0C91BC942}") = "(C18)Emf11", "Emf11\Emf11.vcxproj", "{5530A915-4060-46BC-BAB3-4E94AAD18B8A}"
EndProject
Project("{8BC9CEB8-8B4A-11D0-8D11-00A0C91BC942}") = "(C18)Emf12", "Emf12\Emf12.vcxproj", "{D3AF407B-0F7C-4190-9F47-1737EE7BD0CD}"
EndProject
Project("{8BC9CEB8-8B4A-11D0-8D11-00A0C91BC942}") = "(C18)Emf13", "Emf13\Emf13.vcxproj", "{4AAF02D8-A155-4600-ABF9-3B117FBB2113}"
EndProject
Project("{8BC9CEB8-8B4A-11D0-8D11-00A0C91BC942}") = "(C18)EmfView", "EmfView\EmfView.vcxproj", "{AB74AE6A-4FC2-4809-B389-35C0DE551262}"
EndProject
Project("{8BC9CEB8-8B4A-11D0-8D11-00A0C91BC942}") = "(C18)Metafile", "Metafile\Metafile.vcxproj", "{79C5DD72-1C99-4D93-9865-97549382A0A0}"
EndProject
Project("{8BC9CEB8-8B4A-11D0-8D11-00A0C91BC942}") = "(C19)MDIDemo", "MDIDemo\MDIDemo.vcxproj", "{01753B34-F023-4688-B824-8C9E046AB00B}"
EndProject
Project("{8BC9CEB8-8B4A-11D0-8D11-00A0C91BC942}") = "(C20)BigJob1", "BigJob1\BigJob1.vcxproj", "{89C2031B-8FF0-40A6-B325-342484CCBD76}"
EndProject
Project("{8BC9CEB8-8B4A-11D0-8D11-00A0C91BC942}") = "(C20)BigJob2", "BigJob2\BigJob2.vcxproj", "{7A564D08-73B0-4C95-B4F9-D45E05C19C27}"
EndProject
Project("{8BC9CEB8-8B4A-11D0-8D11-00A0C91BC942}") = "(C20)Multi1", "Multi1\Multi1.vcxproj", "{BABA524B-6116-46B5-8B12-674BC6E8BB1B}"
EndProject
Project("{8BC9CEB8-8B4A-11D0-8D11-00A0C91BC942}") = "(C20)Multi2", "Multi2\Multi2.vcxproj", "{9B4FE868-FDE6-4035-8423-65C0E76707F0}"
EndProject
Project("{8BC9CEB8-8B4A-11D0-8D11-00A0C91BC942}") = "(C20)RndRctMT", "RndRctMT\RndRctMT.vcxproj", "{7D763D8D-CB69-43FD-968E-EEA021694A14}"
EndProject
Project("{8BC9CEB8-8B4A-11D0-8D11-00A0C91BC942}") = "(C21)EdrTest", "EdrTest\EdrTest.vcxproj", "{50AF0937-7DD6-4A05-AE2C-874A61804851}"
EndProject
Project("{8BC9CEB8-8B4A-11D0-8D11-00A0C91BC942}") = "(C21)EdrLib", "EdrTest\EdrLib.vcxproj", "{598F506B-2C1D-44E9-8C94-D813F06C6C19}"
EndProject
Project("{8BC9CEB8-8B4A-11D0-8D11-00A0C91BC942}") = "(C21)ShowBit", "ShowBit\ShowBit.vcxproj", "{780C238A-DAB3-4D23-8148-E5CA2466DCA6}"
EndProject
Project("{8BC9CEB8-8B4A-11D0-8D11-00A0C91BC942}") = "(C21)BitLib", "ShowBit\BitLib.vcxproj", "{48E823AC-A123-4043-AEBC-9CF434DC9CAA}"
EndProject
Project("{8BC9CEB8-8B4A-11D0-8D11-00A0C91BC942}") = "(C21)StrLib", "StrProg\StrLib.vcxproj", "{E617DF7D-9BBA-4E02-B99B-0D205732DC9C}"
EndProject
Project("{8BC9CEB8-8B4A-11D0-8D11-00A0C91BC942}") = "(C21)StrProg", "StrProg\StrProg.vcxproj", "{7DA4E649-CEBB-446F-9E60-654C689453BF}"
EndProject
Project("{8BC9CEB8-8B4A-11D0-8D11-00A0C91BC942}") = "(C22)AddSynth", "AddSynth\AddSynth.vcxproj", "{91B88F85-C957-47A8-B932-93297D1240C7}"
EndProject
Project("{8BC9CEB8-8B4A-11D0-8D11-00A0C91BC942}") = "(C22)BachTocc", "BachTocc\BachTocc.vcxproj", "{BA3A0DF4-EC11-4C0E-A36B-A0D538B781F4}"
EndProject
Project("{8BC9CEB8-8B4A-11D0-8D11-00A0C91BC942}") = "(C22)Drum", "Drum\Drum.vcxproj", "{C45B19D3-D5AD-401F-9DB5-073D9300A314}"
EndProject
Project("{8BC9CEB8-8B4A-11D0-8D11-00A0C91BC942}") = "(C22)KBMidi", "KBMidi\KBMidi.vcxproj", "{CD9FE4AA-3275-4B75-8D91-F26B3F6D0562}"
EndProject
Project("{8BC9CEB8-8B4A-11D0-8D11-00A0C91BC942}") = "(C22)Record1", "Record1\Record1.vcxproj", "{20203E32-855B-48D9-BB00-4B470214A40D}"
EndProject
Project("{8BC9CEB8-8B4A-11D0-8D11-00A0C91BC942}") = "(C22)Record2", "Record2\Record2.vcxproj", "{966D8C2A-6060-46C3-B425-07EF92C00B4C}"
EndProject
Project("{8BC9CEB8-8B4A-11D0-8D11-00A0C91BC942}") = "(C22)Record3", "Record3\Record3.vcxproj", "{F5E72A9A-39AC-4E42-8396-0F30855C593C}"
EndProject
Project("{8BC9CEB8-8B4A-11D0-8D11-00A0C91BC942}") = "(C22)SineWave", "SineWave2\SineWave2.vcxproj", "{D9F7B17A-9EEA-4D99-B007-87B84298D2F2}"
EndProject
Project("{8BC9CEB8-8B4A-11D0-8D11-00A0C91BC942}") = "(C22)TestMci", "TestMci\TestMci.vcxproj", "{D3660EC5-F9BC-4483-9B7C-020342FA02CB}"
EndProject
Project("{8BC9CEB8-8B4A-11D0-8D11-00A0C91BC942}") = "(C22)WakeUp", "WakeUp\WakeUp.vcxproj", "{9E4F559B-6501-4333-99B9-C3AC359C1BF3}"
EndProject
Project("{8BC9CEB8-8B4A-11D0-8D11-00A0C91BC942}") = "(C23)NetTime", "NetTime\NetTime.vcxproj", "{252B6E30-4C0C-4949-B92E-1925000CC798}"
EndProject
Project("{8BC9CEB8-8B4A-11D0-8D11-00A0C91BC942}") = "(C23)UpdDemo", "UpdDemo\UpdDemo.vcxproj", "{EB04A985-5D37-418A-BC80-FACA9A595380}"
EndProject
Global
	GlobalSection(SolutionConfigurationPlatforms) = preSolution
		Debug|Win32 = Debug|Win32
		Release|Win32 = Release|Win32
	EndGlobalSection
	GlobalSection(ProjectConfigurationPlatforms) = postSolution
		{89131330-241B-49D1-9D5D-8910A4D7FD3B}.Debug|Win32.ActiveCfg = Debug|Win32
		{89131330-241B-49D1-9D5D-8910A4D7FD3B}.Debug|Win32.Build.0 = Debug|Win32
		{89131330-241B-49D1-9D5D-8910A4D7FD3B}.Release|Win32.ActiveCfg = Release|Win32
		{89131330-241B-49D1-9D5D-8910A4D7FD3B}.Release|Win32.Build.0 = Release|Win32
		{FDF25FC3-1477-4598-9FFB-AEEC8F686E39}.Debug|Win32.ActiveCfg = Debug|Win32
		{FDF25FC3-1477-4598-9FFB-AEEC8F686E39}.Debug|Win32.Build.0 = Debug|Win32
		{FDF25FC3-1477-4598-9FFB-AEEC8F686E39}.Release|Win32.ActiveCfg = Release|Win32
		{FDF25FC3-1477-4598-9FFB-AEEC8F686E39}.Release|Win32.Build.0 = Release|Win32
		{6E3D7B86-1408-4603-909F-0F76B8DADD6F}.Debug|Win32.ActiveCfg = Debug|Win32
		{6E3D7B86-1408-4603-909F-0F76B8DADD6F}.Debug|Win32.Build.0 = Debug|Win32
		{6E3D7B86-1408-4603-909F-0F76B8DADD6F}.Release|Win32.ActiveCfg = Release|Win32
		{6E3D7B86-1408-4603-909F-0F76B8DADD6F}.Release|Win32.Build.0 = Release|Win32
		{9B3077BA-B78C-4CA7-BA1E-22C4A68DF95E}.Debug|Win32.ActiveCfg = Debug|Win32
		{9B3077BA-B78C-4CA7-BA1E-22C4A68DF95E}.Debug|Win32.Build.0 = Debug|Win32
		{9B3077BA-B78C-4CA7-BA1E-22C4A68DF95E}.Release|Win32.ActiveCfg = Release|Win32
		{9B3077BA-B78C-4CA7-BA1E-22C4A68DF95E}.Release|Win32.Build.0 = Release|Win32
		{E07B7C41-AF45-41FF-8A9C-77AE52142827}.Debug|Win32.ActiveCfg = Debug|Win32
		{E07B7C41-AF45-41FF-8A9C-77AE52142827}.Debug|Win32.Build.0 = Debug|Win32
		{E07B7C41-AF45-41FF-8A9C-77AE52142827}.Release|Win32.ActiveCfg = Release|Win32
		{E07B7C41-AF45-41FF-8A9C-77AE52142827}.Release|Win32.Build.0 = Release|Win32
		{A1A9FD23-6F4E-4865-8033-AE3D0D841420}.Debug|Win32.ActiveCfg = Debug|Win32
		{A1A9FD23-6F4E-4865-8033-AE3D0D841420}.Debug|Win32.Build.0 = Debug|Win32
		{A1A9FD23-6F4E-4865-8033-AE3D0D841420}.Release|Win32.ActiveCfg = Release|Win32
		{A1A9FD23-6F4E-4865-8033-AE3D0D841420}.Release|Win32.Build.0 = Release|Win32
		{C5F6656E-9132-4154-9722-29CB97642062}.Debug|Win32.ActiveCfg = Debug|Win32
		{C5F6656E-9132-4154-9722-29CB97642062}.Debug|Win32.Build.0 = Debug|Win32
		{C5F6656E-9132-4154-9722-29CB97642062}.Release|Win32.ActiveCfg = Release|Win32
		{C5F6656E-9132-4154-9722-29CB97642062}.Release|Win32.Build.0 = Release|Win32
		{D3C44FBD-ABDA-41B3-9D21-84DDC4AFCFB7}.Debug|Win32.ActiveCfg = Debug|Win32
		{D3C44FBD-ABDA-41B3-9D21-84DDC4AFCFB7}.Debug|Win32.Build.0 = Debug|Win32
		{D3C44FBD-ABDA-41B3-9D21-84DDC4AFCFB7}.Release|Win32.ActiveCfg = Release|Win32
		{D3C44FBD-ABDA-41B3-9D21-84DDC4AFCFB7}.Release|Win32.Build.0 = Release|Win32
		{EE99D96F-C3FA-4231-81EA-9BAF0CB69E2D}.Debug|Win32.ActiveCfg = Debug|Win32
		{EE99D96F-C3FA-4231-81EA-9BAF0CB69E2D}.Debug|Win32.Build.0 = Debug|Win32
		{EE99D96F-C3FA-4231-81EA-9BAF0CB69E2D}.Release|Win32.ActiveCfg = Release|Win32
		{EE99D96F-C3FA-4231-81EA-9BAF0CB69E2D}.Release|Win32.Build.0 = Release|Win32
		{55076C95-CA73-4C04-9D81-8E654774044B}.Debug|Win32.ActiveCfg = Debug|Win32
		{55076C95-CA73-4C04-9D81-8E654774044B}.Debug|Win32.Build.0 = Debug|Win32
		{55076C95-CA73-4C04-9D81-8E654774044B}.Release|Win32.ActiveCfg = Release|Win32
		{55076C95-CA73-4C04-9D81-8E654774044B}.Release|Win32.Build.0 = Release|Win32
		{D1CD449B-47B6-4DB5-8CC6-FE8C344DE666}.Debug|Win32.ActiveCfg = Debug|Win32
		{D1CD449B-47B6-4DB5-8CC6-FE8C344DE666}.Debug|Win32.Build.0 = Debug|Win32
		{D1CD449B-47B6-4DB5-8CC6-FE8C344DE666}.Release|Win32.ActiveCfg = Release|Win32
		{D1CD449B-47B6-4DB5-8CC6-FE8C344DE666}.Release|Win32.Build.0 = Release|Win32
		{F8DC8775-A432-4893-9204-BD09A98F4931}.Debug|Win32.ActiveCfg = Debug|Win32
		{F8DC8775-A432-4893-9204-BD09A98F4931}.Debug|Win32.Build.0 = Debug|Win32
		{F8DC8775-A432-4893-9204-BD09A98F4931}.Release|Win32.ActiveCfg = Release|Win32
		{F8DC8775-A432-4893-9204-BD09A98F4931}.Release|Win32.Build.0 = Release|Win32
		{C739E455-FBE8-40BB-B689-562EF7A860DF}.Debug|Win32.ActiveCfg = Debug|Win32
		{C739E455-FBE8-40BB-B689-562EF7A860DF}.Debug|Win32.Build.0 = Debug|Win32
		{C739E455-FBE8-40BB-B689-562EF7A860DF}.Release|Win32.ActiveCfg = Release|Win32
		{C739E455-FBE8-40BB-B689-562EF7A860DF}.Release|Win32.Build.0 = Release|Win32
		{7F6DA8F5-00DE-453D-8885-7508820AA814}.Debug|Win32.ActiveCfg = Debug|Win32
		{7F6DA8F5-00DE-453D-8885-7508820AA814}.Debug|Win32.Build.0 = Debug|Win32
		{7F6DA8F5-00DE-453D-8885-7508820AA814}.Release|Win32.ActiveCfg = Release|Win32
		{7F6DA8F5-00DE-453D-8885-7508820AA814}.Release|Win32.Build.0 = Release|Win32
		{EF362E78-63D4-45EF-89F3-EC4A5589A73D}.Debug|Win32.ActiveCfg = Debug|Win32
		{EF362E78-63D4-45EF-89F3-EC4A5589A73D}.Debug|Win32.Build.0 = Debug|Win32
		{EF362E78-63D4-45EF-89F3-EC4A5589A73D}.Release|Win32.ActiveCfg = Release|Win32
		{EF362E78-63D4-45EF-89F3-EC4A5589A73D}.Release|Win32.Build.0 = Release|Win32
		{B21167D3-7481-436E-9133-0694C0289515}.Debug|Win32.ActiveCfg = Debug|Win32
		{B21167D3-7481-436E-9133-0694C0289515}.Debug|Win32.Build.0 = Debug|Win32
		{B21167D3-7481-436E-9133-0694C0289515}.Release|Win32.ActiveCfg = Release|Win32
		{B21167D3-7481-436E-9133-0694C0289515}.Release|Win32.Build.0 = Release|Win32
		{2CD17DF2-DD88-450C-837B-4BC19ED61696}.Debug|Win32.ActiveCfg = Debug|Win32
		{2CD17DF2-DD88-450C-837B-4BC19ED61696}.Debug|Win32.Build.0 = Debug|Win32
		{2CD17DF2-DD88-450C-837B-4BC19ED61696}.Release|Win32.ActiveCfg = Release|Win32
		{2CD17DF2-DD88-450C-837B-4BC19ED61696}.Release|Win32.Build.0 = Release|Win32
		{52FC9B95-62D2-4281-ACA1-3E5C09983C93}.Debug|Win32.ActiveCfg = Debug|Win32
		{52FC9B95-62D2-4281-ACA1-3E5C09983C93}.Debug|Win32.Build.0 = Debug|Win32
		{52FC9B95-62D2-4281-ACA1-3E5C09983C93}.Release|Win32.ActiveCfg = Release|Win32
		{52FC9B95-62D2-4281-ACA1-3E5C09983C93}.Release|Win32.Build.0 = Release|Win32
		{8BC6FA3F-2506-4BBC-B665-4F20D812D39E}.Debug|Win32.ActiveCfg = Release|Win32
		{8BC6FA3F-2506-4BBC-B665-4F20D812D39E}.Debug|Win32.Build.0 = Release|Win32
		{8BC6FA3F-2506-4BBC-B665-4F20D812D39E}.Release|Win32.ActiveCfg = Release|Win32
		{8BC6FA3F-2506-4BBC-B665-4F20D812D39E}.Release|Win32.Build.0 = Release|Win32
		{ECC1D37F-EFE9-4A31-8D80-5DA034252E32}.Debug|Win32.ActiveCfg = Debug|Win32
		{ECC1D37F-EFE9-4A31-8D80-5DA034252E32}.Debug|Win32.Build.0 = Debug|Win32
		{ECC1D37F-EFE9-4A31-8D80-5DA034252E32}.Release|Win32.ActiveCfg = Release|Win32
		{ECC1D37F-EFE9-4A31-8D80-5DA034252E32}.Release|Win32.Build.0 = Release|Win32
		{B99B77FA-3484-49BA-85ED-8AB06B201E72}.Debug|Win32.ActiveCfg = Debug|Win32
		{B99B77FA-3484-49BA-85ED-8AB06B201E72}.Debug|Win32.Build.0 = Debug|Win32
		{B99B77FA-3484-49BA-85ED-8AB06B201E72}.Release|Win32.ActiveCfg = Release|Win32
		{B99B77FA-3484-49BA-85ED-8AB06B201E72}.Release|Win32.Build.0 = Release|Win32
		{3306EBAD-E6DE-4E0A-BCF9-9EA2891988E6}.Debug|Win32.ActiveCfg = Debug|Win32
		{3306EBAD-E6DE-4E0A-BCF9-9EA2891988E6}.Debug|Win32.Build.0 = Debug|Win32
		{3306EBAD-E6DE-4E0A-BCF9-9EA2891988E6}.Release|Win32.ActiveCfg = Release|Win32
		{3306EBAD-E6DE-4E0A-BCF9-9EA2891988E6}.Release|Win32.Build.0 = Release|Win32
		{FE3E1FB4-4875-4EFD-AFE7-4A1F60C59ED8}.Debug|Win32.ActiveCfg = Debug|Win32
		{FE3E1FB4-4875-4EFD-AFE7-4A1F60C59ED8}.Debug|Win32.Build.0 = Debug|Win32
		{FE3E1FB4-4875-4EFD-AFE7-4A1F60C59ED8}.Release|Win32.ActiveCfg = Release|Win32
		{FE3E1FB4-4875-4EFD-AFE7-4A1F60C59ED8}.Release|Win32.Build.0 = Release|Win32
		{2E5D42DA-196B-4B63-A696-DD736893B2EF}.Debug|Win32.ActiveCfg = Debug|Win32
		{2E5D42DA-196B-4B63-A696-DD736893B2EF}.Debug|Win32.Build.0 = Debug|Win32
		{2E5D42DA-196B-4B63-A696-DD736893B2EF}.Release|Win32.ActiveCfg = Release|Win32
		{2E5D42DA-196B-4B63-A696-DD736893B2EF}.Release|Win32.Build.0 = Release|Win32
		{0518997C-4D91-45C3-8558-B3A92754B141}.Debug|Win32.ActiveCfg = Debug|Win32
		{0518997C-4D91-45C3-8558-B3A92754B141}.Debug|Win32.Build.0 = Debug|Win32
		{0518997C-4D91-45C3-8558-B3A92754B141}.Release|Win32.ActiveCfg = Release|Win32
		{0518997C-4D91-45C3-8558-B3A92754B141}.Release|Win32.Build.0 = Release|Win32
		{AE31AAD4-1F07-4CCB-96D7-4AA8206251E7}.Debug|Win32.ActiveCfg = Debug|Win32
		{AE31AAD4-1F07-4CCB-96D7-4AA8206251E7}.Debug|Win32.Build.0 = Debug|Win32
		{AE31AAD4-1F07-4CCB-96D7-4AA8206251E7}.Release|Win32.ActiveCfg = Release|Win32
		{AE31AAD4-1F07-4CCB-96D7-4AA8206251E7}.Release|Win32.Build.0 = Release|Win32
		{41CB85ED-A0DE-4FB6-9C5C-CC8C282CC18C}.Debug|Win32.ActiveCfg = Debug|Win32
		{41CB85ED-A0DE-4FB6-9C5C-CC8C282CC18C}.Debug|Win32.Build.0 = Debug|Win32
		{41CB85ED-A0DE-4FB6-9C5C-CC8C282CC18C}.Release|Win32.ActiveCfg = Release|Win32
		{41CB85ED-A0DE-4FB6-9C5C-CC8C282CC18C}.Release|Win32.Build.0 = Release|Win32
		{5370B8A9-08EB-4534-8999-5C7A7C11BDA2}.Debug|Win32.ActiveCfg = Debug|Win32
		{5370B8A9-08EB-4534-8999-5C7A7C11BDA2}.Debug|Win32.Build.0 = Debug|Win32
		{5370B8A9-08EB-4534-8999-5C7A7C11BDA2}.Release|Win32.ActiveCfg = Release|Win32
		{5370B8A9-08EB-4534-8999-5C7A7C11BDA2}.Release|Win32.Build.0 = Release|Win32
		{F94CF615-E694-4A5E-B4AF-6CECED746C6A}.Debug|Win32.ActiveCfg = Debug|Win32
		{F94CF615-E694-4A5E-B4AF-6CECED746C6A}.Debug|Win32.Build.0 = Debug|Win32
		{F94CF615-E694-4A5E-B4AF-6CECED746C6A}.Release|Win32.ActiveCfg = Release|Win32
		{F94CF615-E694-4A5E-B4AF-6CECED746C6A}.Release|Win32.Build.0 = Release|Win32
		{88AEB4E4-EF95-4831-9EA6-E05C0C0F6E81}.Debug|Win32.ActiveCfg = Debug|Win32
		{88AEB4E4-EF95-4831-9EA6-E05C0C0F6E81}.Debug|Win32.Build.0 = Debug|Win32
		{88AEB4E4-EF95-4831-9EA6-E05C0C0F6E81}.Release|Win32.ActiveCfg = Release|Win32
		{88AEB4E4-EF95-4831-9EA6-E05C0C0F6E81}.Release|Win32.Build.0 = Release|Win32
		{6A58ED77-B6E4-40DD-BCA7-2CB239ACC90B}.Debug|Win32.ActiveCfg = Debug|Win32
		{6A58ED77-B6E4-40DD-BCA7-2CB239ACC90B}.Debug|Win32.Build.0 = Debug|Win32
		{6A58ED77-B6E4-40DD-BCA7-2CB239ACC90B}.Release|Win32.ActiveCfg = Release|Win32
		{6A58ED77-B6E4-40DD-BCA7-2CB239ACC90B}.Release|Win32.Build.0 = Release|Win32
		{E4FB7C16-4F47-40AB-AA62-2E7403F405B1}.Debug|Win32.ActiveCfg = Debug|Win32
		{E4FB7C16-4F47-40AB-AA62-2E7403F405B1}.Debug|Win32.Build.0 = Debug|Win32
		{E4FB7C16-4F47-40AB-AA62-2E7403F405B1}.Release|Win32.ActiveCfg = Release|Win32
		{E4FB7C16-4F47-40AB-AA62-2E7403F405B1}.Release|Win32.Build.0 = Release|Win32
		{FB565909-EF66-4CD8-AF64-871C24D0A828}.Debug|Win32.ActiveCfg = Debug|Win32
		{FB565909-EF66-4CD8-AF64-871C24D0A828}.Debug|Win32.Build.0 = Debug|Win32
		{FB565909-EF66-4CD8-AF64-871C24D0A828}.Release|Win32.ActiveCfg = Release|Win32
		{FB565909-EF66-4CD8-AF64-871C24D0A828}.Release|Win32.Build.0 = Release|Win32
		{4B49E416-0E97-4255-A6B3-18A94E1279C1}.Debug|Win32.ActiveCfg = Debug|Win32
		{4B49E416-0E97-4255-A6B3-18A94E1279C1}.Debug|Win32.Build.0 = Debug|Win32
		{4B49E416-0E97-4255-A6B3-18A94E1279C1}.Release|Win32.ActiveCfg = Release|Win32
		{4B49E416-0E97-4255-A6B3-18A94E1279C1}.Release|Win32.Build.0 = Release|Win32
		{0DB09528-EF12-4D25-9D10-777513E5D97A}.Debug|Win32.ActiveCfg = Debug|Win32
		{0DB09528-EF12-4D25-9D10-777513E5D97A}.Debug|Win32.Build.0 = Debug|Win32
		{0DB09528-EF12-4D25-9D10-777513E5D97A}.Release|Win32.ActiveCfg = Release|Win32
		{0DB09528-EF12-4D25-9D10-777513E5D97A}.Release|Win32.Build.0 = Release|Win32
		{8BB0E045-E238-4B05-B44A-67DAB38E0034}.Debug|Win32.ActiveCfg = Debug|Win32
		{8BB0E045-E238-4B05-B44A-67DAB38E0034}.Debug|Win32.Build.0 = Debug|Win32
		{8BB0E045-E238-4B05-B44A-67DAB38E0034}.Release|Win32.ActiveCfg = Release|Win32
		{8BB0E045-E238-4B05-B44A-67DAB38E0034}.Release|Win32.Build.0 = Release|Win32
		{3343AE2D-1A13-4643-8978-694F34E472EF}.Debug|Win32.ActiveCfg = Debug|Win32
		{3343AE2D-1A13-4643-8978-694F34E472EF}.Debug|Win32.Build.0 = Debug|Win32
		{3343AE2D-1A13-4643-8978-694F34E472EF}.Release|Win32.ActiveCfg = Release|Win32
		{3343AE2D-1A13-4643-8978-694F34E472EF}.Release|Win32.Build.0 = Release|Win32
		{371D84C2-CB6A-439C-9363-524269AE82EC}.Debug|Win32.ActiveCfg = Debug|Win32
		{371D84C2-CB6A-439C-9363-524269AE82EC}.Debug|Win32.Build.0 = Debug|Win32
		{371D84C2-CB6A-439C-9363-524269AE82EC}.Release|Win32.ActiveCfg = Release|Win32
		{371D84C2-CB6A-439C-9363-524269AE82EC}.Release|Win32.Build.0 = Release|Win32
		{06173645-BD98-4A23-9B45-DEC40BE2362B}.Debug|Win32.ActiveCfg = Debug|Win32
		{06173645-BD98-4A23-9B45-DEC40BE2362B}.Debug|Win32.Build.0 = Debug|Win32
		{06173645-BD98-4A23-9B45-DEC40BE2362B}.Release|Win32.ActiveCfg = Release|Win32
		{06173645-BD98-4A23-9B45-DEC40BE2362B}.Release|Win32.Build.0 = Release|Win32
		{435E0689-C6D1-41A8-AD79-8E1C00F62649}.Debug|Win32.ActiveCfg = Debug|Win32
		{435E0689-C6D1-41A8-AD79-8E1C00F62649}.Debug|Win32.Build.0 = Debug|Win32
		{435E0689-C6D1-41A8-AD79-8E1C00F62649}.Release|Win32.ActiveCfg = Release|Win32
		{435E0689-C6D1-41A8-AD79-8E1C00F62649}.Release|Win32.Build.0 = Release|Win32
		{A6D27378-DA77-4487-830B-101B3A0C7FB4}.Debug|Win32.ActiveCfg = Debug|Win32
		{A6D27378-DA77-4487-830B-101B3A0C7FB4}.Debug|Win32.Build.0 = Debug|Win32
		{A6D27378-DA77-4487-830B-101B3A0C7FB4}.Release|Win32.ActiveCfg = Release|Win32
		{A6D27378-DA77-4487-830B-101B3A0C7FB4}.Release|Win32.Build.0 = Release|Win32
		{DDBA26EB-DE5A-4A4C-9A35-B2985B79B86E}.Debug|Win32.ActiveCfg = Debug|Win32
		{DDBA26EB-DE5A-4A4C-9A35-B2985B79B86E}.Debug|Win32.Build.0 = Debug|Win32
		{DDBA26EB-DE5A-4A4C-9A35-B2985B79B86E}.Release|Win32.ActiveCfg = Release|Win32
		{DDBA26EB-DE5A-4A4C-9A35-B2985B79B86E}.Release|Win32.Build.0 = Release|Win32
		{790BB2F3-861B-4FF9-9FA9-F5A12EB7B18A}.Debug|Win32.ActiveCfg = Debug|Win32
		{790BB2F3-861B-4FF9-9FA9-F5A12EB7B18A}.Debug|Win32.Build.0 = Debug|Win32
		{790BB2F3-861B-4FF9-9FA9-F5A12EB7B18A}.Release|Win32.ActiveCfg = Release|Win32
		{790BB2F3-861B-4FF9-9FA9-F5A12EB7B18A}.Release|Win32.Build.0 = Release|Win32
		{DFBE0511-F064-4DA0-9DDD-306478B1356B}.Debug|Win32.ActiveCfg = Debug|Win32
		{DFBE0511-F064-4DA0-9DDD-306478B1356B}.Debug|Win32.Build.0 = Debug|Win32
		{DFBE0511-F064-4DA0-9DDD-306478B1356B}.Release|Win32.ActiveCfg = Release|Win32
		{DFBE0511-F064-4DA0-9DDD-306478B1356B}.Release|Win32.Build.0 = Release|Win32
		{0B9C4AE3-1D64-4194-BAE7-74CCFE851066}.Debug|Win32.ActiveCfg = Debug|Win32
		{0B9C4AE3-1D64-4194-BAE7-74CCFE851066}.Debug|Win32.Build.0 = Debug|Win32
		{0B9C4AE3-1D64-4194-BAE7-74CCFE851066}.Release|Win32.ActiveCfg = Release|Win32
		{0B9C4AE3-1D64-4194-BAE7-74CCFE851066}.Release|Win32.Build.0 = Release|Win32
		{23D5B5F5-86C9-41FF-A080-0BB7F1523A00}.Debug|Win32.ActiveCfg = Debug|Win32
		{23D5B5F5-86C9-41FF-A080-0BB7F1523A00}.Debug|Win32.Build.0 = Debug|Win32
		{23D5B5F5-86C9-41FF-A080-0BB7F1523A00}.Release|Win32.ActiveCfg = Release|Win32
		{23D5B5F5-86C9-41FF-A080-0BB7F1523A00}.Release|Win32.Build.0 = Release|Win32
		{7A4D49E9-8918-4DD1-87E6-E8339E4BF3E4}.Debug|Win32.ActiveCfg = Debug|Win32
		{7A4D49E9-8918-4DD1-87E6-E8339E4BF3E4}.Debug|Win32.Build.0 = Debug|Win32
		{7A4D49E9-8918-4DD1-87E6-E8339E4BF3E4}.Release|Win32.ActiveCfg = Release|Win32
		{7A4D49E9-8918-4DD1-87E6-E8339E4BF3E4}.Release|Win32.Build.0 = Release|Win32
		{BAABDA15-6B2D-4994-B7E4-87A63FE1620C}.Debug|Win32.ActiveCfg = Debug|Win32
		{BAABDA15-6B2D-4994-B7E4-87A63FE1620C}.Debug|Win32.Build.0 = Debug|Win32
		{BAABDA15-6B2D-4994-B7E4-87A63FE1620C}.Release|Win32.ActiveCfg = Release|Win32
		{BAABDA15-6B2D-4994-B7E4-87A63FE1620C}.Release|Win32.Build.0 = Release|Win32
		{B29C0C64-F13D-4BE7-957E-F582CD5D8EA0}.Debug|Win32.ActiveCfg = Debug|Win32
		{B29C0C64-F13D-4BE7-957E-F582CD5D8EA0}.Debug|Win32.Build.0 = Debug|Win32
		{B29C0C64-F13D-4BE7-957E-F582CD5D8EA0}.Release|Win32.ActiveCfg = Release|Win32
		{B29C0C64-F13D-4BE7-957E-F582CD5D8EA0}.Release|Win32.Build.0 = Release|Win32
		{8AA59735-8D69-4085-9B6E-8A4CC62E9225}.Debug|Win32.ActiveCfg = Debug|Win32
		{8AA59735-8D69-4085-9B6E-8A4CC62E9225}.Debug|Win32.Build.0 = Debug|Win32
		{8AA59735-8D69-4085-9B6E-8A4CC62E9225}.Release|Win32.ActiveCfg = Release|Win32
		{8AA59735-8D69-4085-9B6E-8A4CC62E9225}.Release|Win32.Build.0 = Release|Win32
		{0E3A251E-8F20-4741-8615-95F40FEF8BDD}.Debug|Win32.ActiveCfg = Debug|Win32
		{0E3A251E-8F20-4741-8615-95F40FEF8BDD}.Debug|Win32.Build.0 = Debug|Win32
		{0E3A251E-8F20-4741-8615-95F40FEF8BDD}.Release|Win32.ActiveCfg = Release|Win32
		{0E3A251E-8F20-4741-8615-95F40FEF8BDD}.Release|Win32.Build.0 = Release|Win32
		{7EB31F3D-CB31-4607-A937-664B36EF4528}.Debug|Win32.ActiveCfg = Debug|Win32
		{7EB31F3D-CB31-4607-A937-664B36EF4528}.Debug|Win32.Build.0 = Debug|Win32
		{7EB31F3D-CB31-4607-A937-664B36EF4528}.Release|Win32.ActiveCfg = Release|Win32
		{7EB31F3D-CB31-4607-A937-664B36EF4528}.Release|Win32.Build.0 = Release|Win32
		{A93DC34F-8624-432A-8A5A-4DF370AEF4A7}.Debug|Win32.ActiveCfg = Debug|Win32
		{A93DC34F-8624-432A-8A5A-4DF370AEF4A7}.Debug|Win32.Build.0 = Debug|Win32
		{A93DC34F-8624-432A-8A5A-4DF370AEF4A7}.Release|Win32.ActiveCfg = Release|Win32
		{A93DC34F-8624-432A-8A5A-4DF370AEF4A7}.Release|Win32.Build.0 = Release|Win32
		{FDED9224-EFD1-4832-AF0B-41F24413ED05}.Debug|Win32.ActiveCfg = Debug|Win32
		{FDED9224-EFD1-4832-AF0B-41F24413ED05}.Debug|Win32.Build.0 = Debug|Win32
		{FDED9224-EFD1-4832-AF0B-41F24413ED05}.Release|Win32.ActiveCfg = Release|Win32
		{FDED9224-EFD1-4832-AF0B-41F24413ED05}.Release|Win32.Build.0 = Release|Win32
		{7B2C258E-2F0B-4030-A3F1-6A8A52720FAC}.Debug|Win32.ActiveCfg = Debug|Win32
		{7B2C258E-2F0B-4030-A3F1-6A8A52720FAC}.Debug|Win32.Build.0 = Debug|Win32
		{7B2C258E-2F0B-4030-A3F1-6A8A52720FAC}.Release|Win32.ActiveCfg = Release|Win32
		{7B2C258E-2F0B-4030-A3F1-6A8A52720FAC}.Release|Win32.Build.0 = Release|Win32
		{DF24B333-AAE8-4AE8-A6BA-8A176C6677A1}.Debug|Win32.ActiveCfg = Debug|Win32
		{DF24B333-AAE8-4AE8-A6BA-8A176C6677A1}.Debug|Win32.Build.0 = Debug|Win32
		{DF24B333-AAE8-4AE8-A6BA-8A176C6677A1}.Release|Win32.ActiveCfg = Release|Win32
		{DF24B333-AAE8-4AE8-A6BA-8A176C6677A1}.Release|Win32.Build.0 = Release|Win32
		{0723EFDC-4144-4239-AA6A-A6D5B036B079}.Debug|Win32.ActiveCfg = Debug|Win32
		{0723EFDC-4144-4239-AA6A-A6D5B036B079}.Debug|Win32.Build.0 = Debug|Win32
		{0723EFDC-4144-4239-AA6A-A6D5B036B079}.Release|Win32.ActiveCfg = Release|Win32
		{0723EFDC-4144-4239-AA6A-A6D5B036B079}.Release|Win32.Build.0 = Release|Win32
		{F760BA4E-C496-4FB1-9CA9-FF8141A14B3F}.Debug|Win32.ActiveCfg = Debug|Win32
		{F760BA4E-C496-4FB1-9CA9-FF8141A14B3F}.Debug|Win32.Build.0 = Debug|Win32
		{F760BA4E-C496-4FB1-9CA9-FF8141A14B3F}.Release|Win32.ActiveCfg = Release|Win32
		{F760BA4E-C496-4FB1-9CA9-FF8141A14B3F}.Release|Win32.Build.0 = Release|Win32
		{8863C3BB-4F3B-46AD-AB0A-B34835415CD7}.Debug|Win32.ActiveCfg = Debug|Win32
		{8863C3BB-4F3B-46AD-AB0A-B34835415CD7}.Debug|Win32.Build.0 = Debug|Win32
		{8863C3BB-4F3B-46AD-AB0A-B34835415CD7}.Release|Win32.ActiveCfg = Release|Win32
		{8863C3BB-4F3B-46AD-AB0A-B34835415CD7}.Release|Win32.Build.0 = Release|Win32
		{9E84DFD6-0CC7-4E0F-BC8A-9D53115CBFD2}.Debug|Win32.ActiveCfg = Debug|Win32
		{9E84DFD6-0CC7-4E0F-BC8A-9D53115CBFD2}.Debug|Win32.Build.0 = Debug|Win32
		{9E84DFD6-0CC7-4E0F-BC8A-9D53115CBFD2}.Release|Win32.ActiveCfg = Release|Win32
		{9E84DFD6-0CC7-4E0F-BC8A-9D53115CBFD2}.Release|Win32.Build.0 = Release|Win32
		{60CE644A-8EC8-409A-B992-3B506FD25259}.Debug|Win32.ActiveCfg = Debug|Win32
		{60CE644A-8EC8-409A-B992-3B506FD25259}.Debug|Win32.Build.0 = Debug|Win32
		{60CE644A-8EC8-409A-B992-3B506FD25259}.Release|Win32.ActiveCfg = Release|Win32
		{60CE644A-8EC8-409A-B992-3B506FD25259}.Release|Win32.Build.0 = Release|Win32
		{845E986E-5327-46B5-9694-EC071F4A160A}.Debug|Win32.ActiveCfg = Debug|Win32
		{845E986E-5327-46B5-9694-EC071F4A160A}.Debug|Win32.Build.0 = Debug|Win32
		{845E986E-5327-46B5-9694-EC071F4A160A}.Release|Win32.ActiveCfg = Release|Win32
		{845E986E-5327-46B5-9694-EC071F4A160A}.Release|Win32.Build.0 = Release|Win32
		{2105AEC5-28AC-4EAC-98FD-FCA50BB537A9}.Debug|Win32.ActiveCfg = Debug|Win32
		{2105AEC5-28AC-4EAC-98FD-FCA50BB537A9}.Debug|Win32.Build.0 = Debug|Win32
		{2105AEC5-28AC-4EAC-98FD-FCA50BB537A9}.Release|Win32.ActiveCfg = Release|Win32
		{2105AEC5-28AC-4EAC-98FD-FCA50BB537A9}.Release|Win32.Build.0 = Release|Win32
		{D49562FC-30A6-4935-9B48-63A93FDA08B0}.Debug|Win32.ActiveCfg = Debug|Win32
		{D49562FC-30A6-4935-9B48-63A93FDA08B0}.Debug|Win32.Build.0 = Debug|Win32
		{D49562FC-30A6-4935-9B48-63A93FDA08B0}.Release|Win32.ActiveCfg = Release|Win32
		{D49562FC-30A6-4935-9B48-63A93FDA08B0}.Release|Win32.Build.0 = Release|Win32
		{9C26F16B-DF89-4A54-8D90-D7B117B1D2EA}.Debug|Win32.ActiveCfg = Debug|Win32
		{9C26F16B-DF89-4A54-8D90-D7B117B1D2EA}.Debug|Win32.Build.0 = Debug|Win32
		{9C26F16B-DF89-4A54-8D90-D7B117B1D2EA}.Release|Win32.ActiveCfg = Release|Win32
		{9C26F16B-DF89-4A54-8D90-D7B117B1D2EA}.Release|Win32.Build.0 = Release|Win32
		{CE22E281-BDE8-4E49-81AA-6D417B23C4AA}.Debug|Win32.ActiveCfg = Debug|Win32
		{CE22E281-BDE8-4E49-81AA-6D417B23C4AA}.Debug|Win32.Build.0 = Debug|Win32
		{CE22E281-BDE8-4E49-81AA-6D417B23C4AA}.Release|Win32.ActiveCfg = Release|Win32
		{CE22E281-BDE8-4E49-81AA-6D417B23C4AA}.Release|Win32.Build.0 = Release|Win32
		{F75E435C-D0D9-4F7D-AA43-FC2624F841B5}.Debug|Win32.ActiveCfg = Debug|Win32
		{F75E435C-D0D9-4F7D-AA43-FC2624F841B5}.Debug|Win32.Build.0 = Debug|Win32
		{F75E435C-D0D9-4F7D-AA43-FC2624F841B5}.Release|Win32.ActiveCfg = Release|Win32
		{F75E435C-D0D9-4F7D-AA43-FC2624F841B5}.Release|Win32.Build.0 = Release|Win32
		{D585F15C-06E6-4657-BD9B-D5F539C84AD7}.Debug|Win32.ActiveCfg = Debug|Win32
		{D585F15C-06E6-4657-BD9B-D5F539C84AD7}.Debug|Win32.Build.0 = Debug|Win32
		{D585F15C-06E6-4657-BD9B-D5F539C84AD7}.Release|Win32.ActiveCfg = Release|Win32
		{D585F15C-06E6-4657-BD9B-D5F539C84AD7}.Release|Win32.Build.0 = Release|Win32
		{29011C43-CCCE-43D3-B322-48BB3FCB9E37}.Debug|Win32.ActiveCfg = Debug|Win32
		{29011C43-CCCE-43D3-B322-48BB3FCB9E37}.Debug|Win32.Build.0 = Debug|Win32
		{29011C43-CCCE-43D3-B322-48BB3FCB9E37}.Release|Win32.ActiveCfg = Release|Win32
		{29011C43-CCCE-43D3-B322-48BB3FCB9E37}.Release|Win32.Build.0 = Release|Win32
		{AD81E972-2F24-48CB-A278-60AC5DEE9B8A}.Debug|Win32.ActiveCfg = Debug|Win32
		{AD81E972-2F24-48CB-A278-60AC5DEE9B8A}.Debug|Win32.Build.0 = Debug|Win32
		{AD81E972-2F24-48CB-A278-60AC5DEE9B8A}.Release|Win32.ActiveCfg = Release|Win32
		{AD81E972-2F24-48CB-A278-60AC5DEE9B8A}.Release|Win32.Build.0 = Release|Win32
		{DD30FCE2-6C7E-4433-9778-F0EE65BE5D67}.Debug|Win32.ActiveCfg = Debug|Win32
		{DD30FCE2-6C7E-4433-9778-F0EE65BE5D67}.Debug|Win32.Build.0 = Debug|Win32
		{DD30FCE2-6C7E-4433-9778-F0EE65BE5D67}.Release|Win32.ActiveCfg = Release|Win32
		{DD30FCE2-6C7E-4433-9778-F0EE65BE5D67}.Release|Win32.Build.0 = Release|Win32
		{AD87B5A2-1BD0-4539-AEC4-698EC1130BE2}.Debug|Win32.ActiveCfg = Debug|Win32
		{AD87B5A2-1BD0-4539-AEC4-698EC1130BE2}.Debug|Win32.Build.0 = Debug|Win32
		{AD87B5A2-1BD0-4539-AEC4-698EC1130BE2}.Release|Win32.ActiveCfg = Release|Win32
		{AD87B5A2-1BD0-4539-AEC4-698EC1130BE2}.Release|Win32.Build.0 = Release|Win32
		{6739471E-1A2E-4F8D-A682-343F34E9F33C}.Debug|Win32.ActiveCfg = Debug|Win32
		{6739471E-1A2E-4F8D-A682-343F34E9F33C}.Debug|Win32.Build.0 = Debug|Win32
		{6739471E-1A2E-4F8D-A682-343F34E9F33C}.Release|Win32.ActiveCfg = Release|Win32
		{6739471E-1A2E-4F8D-A682-343F34E9F33C}.Release|Win32.Build.0 = Release|Win32
		{C43C9322-938A-499D-A425-639A6C11136B}.Debug|Win32.ActiveCfg = Debug|Win32
		{C43C9322-938A-499D-A425-639A6C11136B}.Debug|Win32.Build.0 = Debug|Win32
		{C43C9322-938A-499D-A425-639A6C11136B}.Release|Win32.ActiveCfg = Release|Win32
		{C43C9322-938A-499D-A425-639A6C11136B}.Release|Win32.Build.0 = Release|Win32
		{1A3FF2B4-7C0A-4213-8775-E23152112112}.Debug|Win32.ActiveCfg = Debug|Win32
		{1A3FF2B4-7C0A-4213-8775-E23152112112}.Debug|Win32.Build.0 = Debug|Win32
		{1A3FF2B4-7C0A-4213-8775-E23152112112}.Release|Win32.ActiveCfg = Release|Win32
		{1A3FF2B4-7C0A-4213-8775-E23152112112}.Release|Win32.Build.0 = Release|Win32
		{85C7FAD6-D209-47C7-958D-538EF4CBE4A6}.Debug|Win32.ActiveCfg = Debug|Win32
		{85C7FAD6-D209-47C7-958D-538EF4CBE4A6}.Debug|Win32.Build.0 = Debug|Win32
		{85C7FAD6-D209-47C7-958D-538EF4CBE4A6}.Release|Win32.ActiveCfg = Release|Win32
		{85C7FAD6-D209-47C7-958D-538EF4CBE4A6}.Release|Win32.Build.0 = Release|Win32
		{6DF070ED-67D2-4117-A068-FDE063FE86B6}.Debug|Win32.ActiveCfg = Debug|Win32
		{6DF070ED-67D2-4117-A068-FDE063FE86B6}.Debug|Win32.Build.0 = Debug|Win32
		{6DF070ED-67D2-4117-A068-FDE063FE86B6}.Release|Win32.ActiveCfg = Release|Win32
		{6DF070ED-67D2-4117-A068-FDE063FE86B6}.Release|Win32.Build.0 = Release|Win32
		{DBEFDCEC-4D72-4E55-B97C-5BAA2C11874D}.Debug|Win32.ActiveCfg = Debug|Win32
		{DBEFDCEC-4D72-4E55-B97C-5BAA2C11874D}.Debug|Win32.Build.0 = Debug|Win32
		{DBEFDCEC-4D72-4E55-B97C-5BAA2C11874D}.Release|Win32.ActiveCfg = Release|Win32
		{DBEFDCEC-4D72-4E55-B97C-5BAA2C11874D}.Release|Win32.Build.0 = Release|Win32
		{258541B9-F064-4988-8421-B315A01CB30F}.Debug|Win32.ActiveCfg = Debug|Win32
		{258541B9-F064-4988-8421-B315A01CB30F}.Debug|Win32.Build.0 = Debug|Win32
		{258541B9-F064-4988-8421-B315A01CB30F}.Release|Win32.ActiveCfg = Release|Win32
		{258541B9-F064-4988-8421-B315A01CB30F}.Release|Win32.Build.0 = Release|Win32
		{D97438A3-4D5A-43F8-AA8F-B4B973CCE786}.Debug|Win32.ActiveCfg = Debug|Win32
		{D97438A3-4D5A-43F8-AA8F-B4B973CCE786}.Debug|Win32.Build.0 = Debug|Win32
		{D97438A3-4D5A-43F8-AA8F-B4B973CCE786}.Release|Win32.ActiveCfg = Release|Win32
		{D97438A3-4D5A-43F8-AA8F-B4B973CCE786}.Release|Win32.Build.0 = Release|Win32
		{D667FF9D-CE1C-40EB-A161-FE77804F76E3}.Debug|Win32.ActiveCfg = Debug|Win32
		{D667FF9D-CE1C-40EB-A161-FE77804F76E3}.Debug|Win32.Build.0 = Debug|Win32
		{D667FF9D-CE1C-40EB-A161-FE77804F76E3}.Release|Win32.ActiveCfg = Release|Win32
		{D667FF9D-CE1C-40EB-A161-FE77804F76E3}.Release|Win32.Build.0 = Release|Win32
		{E080202E-494D-4E78-AB38-60E231EBACEA}.Debug|Win32.ActiveCfg = Debug|Win32
		{E080202E-494D-4E78-AB38-60E231EBACEA}.Debug|Win32.Build.0 = Debug|Win32
		{E080202E-494D-4E78-AB38-60E231EBACEA}.Release|Win32.ActiveCfg = Release|Win32
		{E080202E-494D-4E78-AB38-60E231EBACEA}.Release|Win32.Build.0 = Release|Win32
		{1B5DC6E3-364D-408D-8D66-19178A851E1F}.Debug|Win32.ActiveCfg = Debug|Win32
		{1B5DC6E3-364D-408D-8D66-19178A851E1F}.Debug|Win32.Build.0 = Debug|Win32
		{1B5DC6E3-364D-408D-8D66-19178A851E1F}.Release|Win32.ActiveCfg = Release|Win32
		{1B5DC6E3-364D-408D-8D66-19178A851E1F}.Release|Win32.Build.0 = Release|Win32
		{8E45A313-CA20-480E-953C-A6F96B3F5ADC}.Debug|Win32.ActiveCfg = Debug|Win32
		{8E45A313-CA20-480E-953C-A6F96B3F5ADC}.Debug|Win32.Build.0 = Debug|Win32
		{8E45A313-CA20-480E-953C-A6F96B3F5ADC}.Release|Win32.ActiveCfg = Release|Win32
		{8E45A313-CA20-480E-953C-A6F96B3F5ADC}.Release|Win32.Build.0 = Release|Win32
		{33DC11F7-B684-452F-9A5D-31AD0495FCD2}.Debug|Win32.ActiveCfg = Debug|Win32
		{33DC11F7-B684-452F-9A5D-31AD0495FCD2}.Debug|Win32.Build.0 = Debug|Win32
		{33DC11F7-B684-452F-9A5D-31AD0495FCD2}.Release|Win32.ActiveCfg = Release|Win32
		{33DC11F7-B684-452F-9A5D-31AD0495FCD2}.Release|Win32.Build.0 = Release|Win32
		{A64390BE-785F-4A77-ADFF-5AC88F581B47}.Debug|Win32.ActiveCfg = Debug|Win32
		{A64390BE-785F-4A77-ADFF-5AC88F581B47}.Debug|Win32.Build.0 = Debug|Win32
		{A64390BE-785F-4A77-ADFF-5AC88F581B47}.Release|Win32.ActiveCfg = Release|Win32
		{A64390BE-785F-4A77-ADFF-5AC88F581B47}.Release|Win32.Build.0 = Release|Win32
		{2171CE1B-3AF5-4F45-828E-DE898A6BA7E3}.Debug|Win32.ActiveCfg = Debug|Win32
		{2171CE1B-3AF5-4F45-828E-DE898A6BA7E3}.Debug|Win32.Build.0 = Debug|Win32
		{2171CE1B-3AF5-4F45-828E-DE898A6BA7E3}.Release|Win32.ActiveCfg = Release|Win32
		{2171CE1B-3AF5-4F45-828E-DE898A6BA7E3}.Release|Win32.Build.0 = Release|Win32
		{E4CED47C-37AC-46E1-950D-7EAA363C9A7B}.Debug|Win32.ActiveCfg = Debug|Win32
		{E4CED47C-37AC-46E1-950D-7EAA363C9A7B}.Debug|Win32.Build.0 = Debug|Win32
		{E4CED47C-37AC-46E1-950D-7EAA363C9A7B}.Release|Win32.ActiveCfg = Release|Win32
		{E4CED47C-37AC-46E1-950D-7EAA363C9A7B}.Release|Win32.Build.0 = Release|Win32
		{56DF1061-4879-4C37-886C-F7AB98B4DE27}.Debug|Win32.ActiveCfg = Debug|Win32
		{56DF1061-4879-4C37-886C-F7AB98B4DE27}.Debug|Win32.Build.0 = Debug|Win32
		{56DF1061-4879-4C37-886C-F7AB98B4DE27}.Release|Win32.ActiveCfg = Release|Win32
		{56DF1061-4879-4C37-886C-F7AB98B4DE27}.Release|Win32.Build.0 = Release|Win32
		{99D51AF8-59EA-466E-8284-611CB87FB945}.Debug|Win32.ActiveCfg = Debug|Win32
		{99D51AF8-59EA-466E-8284-611CB87FB945}.Debug|Win32.Build.0 = Debug|Win32
		{99D51AF8-59EA-466E-8284-611CB87FB945}.Release|Win32.ActiveCfg = Release|Win32
		{99D51AF8-59EA-466E-8284-611CB87FB945}.Release|Win32.Build.0 = Release|Win32
		{094E84EE-DC60-4626-B527-BC887B53A590}.Debug|Win32.ActiveCfg = Debug|Win32
		{094E84EE-DC60-4626-B527-BC887B53A590}.Debug|Win32.Build.0 = Debug|Win32
		{094E84EE-DC60-4626-B527-BC887B53A590}.Release|Win32.ActiveCfg = Release|Win32
		{094E84EE-DC60-4626-B527-BC887B53A590}.Release|Win32.Build.0 = Release|Win32
		{F7F4E414-E96D-48A2-8EB3-603BD7094044}.Debug|Win32.ActiveCfg = Debug|Win32
		{F7F4E414-E96D-48A2-8EB3-603BD7094044}.Debug|Win32.Build.0 = Debug|Win32
		{F7F4E414-E96D-48A2-8EB3-603BD7094044}.Release|Win32.ActiveCfg = Release|Win32
		{F7F4E414-E96D-48A2-8EB3-603BD7094044}.Release|Win32.Build.0 = Release|Win32
		{2E2B30EC-BAAD-4C29-92DB-B52AAD3907A5}.Debug|Win32.ActiveCfg = Debug|Win32
		{2E2B30EC-BAAD-4C29-92DB-B52AAD3907A5}.Debug|Win32.Build.0 = Debug|Win32
		{2E2B30EC-BAAD-4C29-92DB-B52AAD3907A5}.Release|Win32.ActiveCfg = Release|Win32
		{2E2B30EC-BAAD-4C29-92DB-B52AAD3907A5}.Release|Win32.Build.0 = Release|Win32
		{1635D269-D7E1-4B5B-B2C1-F9C4DBD27A6E}.Debug|Win32.ActiveCfg = Debug|Win32
		{1635D269-D7E1-4B5B-B2C1-F9C4DBD27A6E}.Debug|Win32.Build.0 = Debug|Win32
		{1635D269-D7E1-4B5B-B2C1-F9C4DBD27A6E}.Release|Win32.ActiveCfg = Release|Win32
		{1635D269-D7E1-4B5B-B2C1-F9C4DBD27A6E}.Release|Win32.Build.0 = Release|Win32
		{A78C6805-F2DC-4362-8822-2652E40B93BA}.Debug|Win32.ActiveCfg = Debug|Win32
		{A78C6805-F2DC-4362-8822-2652E40B93BA}.Debug|Win32.Build.0 = Debug|Win32
		{A78C6805-F2DC-4362-8822-2652E40B93BA}.Release|Win32.ActiveCfg = Release|Win32
		{A78C6805-F2DC-4362-8822-2652E40B93BA}.Release|Win32.Build.0 = Release|Win32
		{7A9A5C2C-05A8-4E47-9505-D1BB69B54662}.Debug|Win32.ActiveCfg = Debug|Win32
		{7A9A5C2C-05A8-4E47-9505-D1BB69B54662}.Debug|Win32.Build.0 = Debug|Win32
		{7A9A5C2C-05A8-4E47-9505-D1BB69B54662}.Release|Win32.ActiveCfg = Release|Win32
		{7A9A5C2C-05A8-4E47-9505-D1BB69B54662}.Release|Win32.Build.0 = Release|Win32
		{332D71EF-B25B-4A0D-9EA5-A1188267898D}.Debug|Win32.ActiveCfg = Debug|Win32
		{332D71EF-B25B-4A0D-9EA5-A1188267898D}.Debug|Win32.Build.0 = Debug|Win32
		{332D71EF-B25B-4A0D-9EA5-A1188267898D}.Release|Win32.ActiveCfg = Release|Win32
		{332D71EF-B25B-4A0D-9EA5-A1188267898D}.Release|Win32.Build.0 = Release|Win32
		{1F025BBA-F6DB-420F-992C-8A90BF4B5910}.Debug|Win32.ActiveCfg = Debug|Win32
		{1F025BBA-F6DB-420F-992C-8A90BF4B5910}.Debug|Win32.Build.0 = Debug|Win32
		{1F025BBA-F6DB-420F-992C-8A90BF4B5910}.Release|Win32.ActiveCfg = Release|Win32
		{1F025BBA-F6DB-420F-992C-8A90BF4B5910}.Release|Win32.Build.0 = Release|Win32
		{DE37A627-39F2-4ED2-B5B9-FAAEDFC59E3E}.Debug|Win32.ActiveCfg = Debug|Win32
		{DE37A627-39F2-4ED2-B5B9-FAAEDFC59E3E}.Debug|Win32.Build.0 = Debug|Win32
		{DE37A627-39F2-4ED2-B5B9-FAAEDFC59E3E}.Release|Win32.ActiveCfg = Release|Win32
		{DE37A627-39F2-4ED2-B5B9-FAAEDFC59E3E}.Release|Win32.Build.0 = Release|Win32
		{6AF7B9AE-51D0-4935-BC37-AD0DC9C7011C}.Debug|Win32.ActiveCfg = Debug|Win32
		{6AF7B9AE-51D0-4935-BC37-AD0DC9C7011C}.Debug|Win32.Build.0 = Debug|Win32
		{6AF7B9AE-51D0-4935-BC37-AD0DC9C7011C}.Release|Win32.ActiveCfg = Release|Win32
		{6AF7B9AE-51D0-4935-BC37-AD0DC9C7011C}.Release|Win32.Build.0 = Release|Win32
		{38211373-A73A-4647-9797-FC04576CBF6E}.Debug|Win32.ActiveCfg = Debug|Win32
		{38211373-A73A-4647-9797-FC04576CBF6E}.Debug|Win32.Build.0 = Debug|Win32
		{38211373-A73A-4647-9797-FC04576CBF6E}.Release|Win32.ActiveCfg = Release|Win32
		{38211373-A73A-4647-9797-FC04576CBF6E}.Release|Win32.Build.0 = Release|Win32
		{6CBFF3FE-9473-4666-B146-ED564871FA07}.Debug|Win32.ActiveCfg = Debug|Win32
		{6CBFF3FE-9473-4666-B146-ED564871FA07}.Debug|Win32.Build.0 = Debug|Win32
		{6CBFF3FE-9473-4666-B146-ED564871FA07}.Release|Win32.ActiveCfg = Release|Win32
		{6CBFF3FE-9473-4666-B146-ED564871FA07}.Release|Win32.Build.0 = Release|Win32
		{0A96D310-C8FD-4BA3-A579-6740D6737E3D}.Debug|Win32.ActiveCfg = Debug|Win32
		{0A96D310-C8FD-4BA3-A579-6740D6737E3D}.Debug|Win32.Build.0 = Debug|Win32
		{0A96D310-C8FD-4BA3-A579-6740D6737E3D}.Release|Win32.ActiveCfg = Release|Win32
		{0A96D310-C8FD-4BA3-A579-6740D6737E3D}.Release|Win32.Build.0 = Release|Win32
		{896FD94F-31AE-4672-9B6C-C60D14931636}.Debug|Win32.ActiveCfg = Debug|Win32
		{896FD94F-31AE-4672-9B6C-C60D14931636}.Debug|Win32.Build.0 = Debug|Win32
		{896FD94F-31AE-4672-9B6C-C60D14931636}.Release|Win32.ActiveCfg = Release|Win32
		{896FD94F-31AE-4672-9B6C-C60D14931636}.Release|Win32.Build.0 = Release|Win32
		{3E438BD0-604C-4410-8198-561B46D9CDE5}.Debug|Win32.ActiveCfg = Debug|Win32
		{3E438BD0-604C-4410-8198-561B46D9CDE5}.Debug|Win32.Build.0 = Debug|Win32
		{3E438BD0-604C-4410-8198-561B46D9CDE5}.Release|Win32.ActiveCfg = Release|Win32
		{3E438BD0-604C-4410-8198-561B46D9CDE5}.Release|Win32.Build.0 = Release|Win32
		{C24F72FA-3126-4D21-9589-FDBF99944C17}.Debug|Win32.ActiveCfg = Debug|Win32
		{C24F72FA-3126-4D21-9589-FDBF99944C17}.Debug|Win32.Build.0 = Debug|Win32
		{C24F72FA-3126-4D21-9589-FDBF99944C17}.Release|Win32.ActiveCfg = Release|Win32
		{C24F72FA-3126-4D21-9589-FDBF99944C17}.Release|Win32.Build.0 = Release|Win32
		{F5A8A896-A7D8-4484-B016-8DBE2B59F978}.Debug|Win32.ActiveCfg = Debug|Win32
		{F5A8A896-A7D8-4484-B016-8DBE2B59F978}.Debug|Win32.Build.0 = Debug|Win32
		{F5A8A896-A7D8-4484-B016-8DBE2B59F978}.Release|Win32.ActiveCfg = Release|Win32
		{F5A8A896-A7D8-4484-B016-8DBE2B59F978}.Release|Win32.Build.0 = Release|Win32
		{352F2F2A-101D-495E-80C7-9FF5CC8A670C}.Debug|Win32.ActiveCfg = Debug|Win32
		{352F2F2A-101D-495E-80C7-9FF5CC8A670C}.Debug|Win32.Build.0 = Debug|Win32
		{352F2F2A-101D-495E-80C7-9FF5CC8A670C}.Release|Win32.ActiveCfg = Release|Win32
		{352F2F2A-101D-495E-80C7-9FF5CC8A670C}.Release|Win32.Build.0 = Release|Win32
		{DDA90741-F6E9-4477-928B-82DD7188A428}.Debug|Win32.ActiveCfg = Debug|Win32
		{DDA90741-F6E9-4477-928B-82DD7188A428}.Debug|Win32.Build.0 = Debug|Win32
		{DDA90741-F6E9-4477-928B-82DD7188A428}.Release|Win32.ActiveCfg = Release|Win32
		{DDA90741-F6E9-4477-928B-82DD7188A428}.Release|Win32.Build.0 = Release|Win32
		{1645D76B-48BE-4B3B-B47D-3476BFF13040}.Debug|Win32.ActiveCfg = Debug|Win32
		{1645D76B-48BE-4B3B-B47D-3476BFF13040}.Debug|Win32.Build.0 = Debug|Win32
		{1645D76B-48BE-4B3B-B47D-3476BFF13040}.Release|Win32.ActiveCfg = Release|Win32
		{1645D76B-48BE-4B3B-B47D-3476BFF13040}.Release|Win32.Build.0 = Release|Win32
		{BFBA8AA5-F50E-46F6-86C4-E8C71A45D19D}.Debug|Win32.ActiveCfg = Debug|Win32
		{BFBA8AA5-F50E-46F6-86C4-E8C71A45D19D}.Debug|Win32.Build.0 = Debug|Win32
		{BFBA8AA5-F50E-46F6-86C4-E8C71A45D19D}.Release|Win32.ActiveCfg = Release|Win32
		{BFBA8AA5-F50E-46F6-86C4-E8C71A45D19D}.Release|Win32.Build.0 = Release|Win32
		{FCB9126B-117F-4DEC-AA2B-8798A5B0A72F}.Debug|Win32.ActiveCfg = Debug|Win32
		{FCB9126B-117F-4DEC-AA2B-8798A5B0A72F}.Debug|Win32.Build.0 = Debug|Win32
		{FCB9126B-117F-4DEC-AA2B-8798A5B0A72F}.Release|Win32.ActiveCfg = Release|Win32
		{FCB9126B-117F-4DEC-AA2B-8798A5B0A72F}.Release|Win32.Build.0 = Release|Win32
		{E702F28C-7584-4BA0-B35A-892E72EA612E}.Debug|Win32.ActiveCfg = Debug|Win32
		{E702F28C-7584-4BA0-B35A-892E72EA612E}.Debug|Win32.Build.0 = Debug|Win32
		{E702F28C-7584-4BA0-B35A-892E72EA612E}.Release|Win32.ActiveCfg = Release|Win32
		{E702F28C-7584-4BA0-B35A-892E72EA612E}.Release|Win32.Build.0 = Release|Win32
		{B62C3C7B-2DCA-42C1-890C-0EDD79FF01AA}.Debug|Win32.ActiveCfg = Debug|Win32
		{B62C3C7B-2DCA-42C1-890C-0EDD79FF01AA}.Debug|Win32.Build.0 = Debug|Win32
		{B62C3C7B-2DCA-42C1-890C-0EDD79FF01AA}.Release|Win32.ActiveCfg = Release|Win32
		{B62C3C7B-2DCA-42C1-890C-0EDD79FF01AA}.Release|Win32.Build.0 = Release|Win32
		{95A6BF1E-3446-4215-9DCC-4929391757B1}.Debug|Win32.ActiveCfg = Debug|Win32
		{95A6BF1E-3446-4215-9DCC-4929391757B1}.Debug|Win32.Build.0 = Debug|Win32
		{95A6BF1E-3446-4215-9DCC-4929391757B1}.Release|Win32.ActiveCfg = Release|Win32
		{95A6BF1E-3446-4215-9DCC-4929391757B1}.Release|Win32.Build.0 = Release|Win32
		{44A6C827-1619-46DC-BD44-4B99639E9A0D}.Debug|Win32.ActiveCfg = Debug|Win32
		{44A6C827-1619-46DC-BD44-4B99639E9A0D}.Debug|Win32.Build.0 = Debug|Win32
		{44A6C827-1619-46DC-BD44-4B99639E9A0D}.Release|Win32.ActiveCfg = Release|Win32
		{44A6C827-1619-46DC-BD44-4B99639E9A0D}.Release|Win32.Build.0 = Release|Win32
		{631F7365-D843-4E73-BCD3-6665A6A10529}.Debug|Win32.ActiveCfg = Debug|Win32
		{631F7365-D843-4E73-BCD3-6665A6A10529}.Debug|Win32.Build.0 = Debug|Win32
		{631F7365-D843-4E73-BCD3-6665A6A10529}.Release|Win32.ActiveCfg = Release|Win32
		{631F7365-D843-4E73-BCD3-6665A6A10529}.Release|Win32.Build.0 = Release|Win32
		{E2D6EF99-FA23-4B16-90BC-3A82AC1E0A49}.Debug|Win32.ActiveCfg = Debug|Win32
		{E2D6EF99-FA23-4B16-90BC-3A82AC1E0A49}.Debug|Win32.Build.0 = Debug|Win32
		{E2D6EF99-FA23-4B16-90BC-3A82AC1E0A49}.Release|Win32.ActiveCfg = Release|Win32
		{E2D6EF99-FA23-4B16-90BC-3A82AC1E0A49}.Release|Win32.Build.0 = Release|Win32
		{3DCC23E7-CF27-4C1E-82ED-78F8517D0610}.Debug|Win32.ActiveCfg = Debug|Win32
		{3DCC23E7-CF27-4C1E-82ED-78F8517D0610}.Debug|Win32.Build.0 = Debug|Win32
		{3DCC23E7-CF27-4C1E-82ED-78F8517D0610}.Release|Win32.ActiveCfg = Release|Win32
		{3DCC23E7-CF27-4C1E-82ED-78F8517D0610}.Release|Win32.Build.0 = Release|Win32
		{EF57C135-732B-4599-8714-8E0054C56CCC}.Debug|Win32.ActiveCfg = Debug|Win32
		{EF57C135-732B-4599-8714-8E0054C56CCC}.Debug|Win32.Build.0 = Debug|Win32
		{EF57C135-732B-4599-8714-8E0054C56CCC}.Release|Win32.ActiveCfg = Release|Win32
		{EF57C135-732B-4599-8714-8E0054C56CCC}.Release|Win32.Build.0 = Release|Win32
		{396D2457-24B7-457E-91B5-567A2CF294DB}.Debug|Win32.ActiveCfg = Debug|Win32
		{396D2457-24B7-457E-91B5-567A2CF294DB}.Debug|Win32.Build.0 = Debug|Win32
		{396D2457-24B7-457E-91B5-567A2CF294DB}.Release|Win32.ActiveCfg = Release|Win32
		{396D2457-24B7-457E-91B5-567A2CF294DB}.Release|Win32.Build.0 = Release|Win32
		{4B2EB31F-78D0-4C42-BABD-409039A6B5E3}.Debug|Win32.ActiveCfg = Debug|Win32
		{4B2EB31F-78D0-4C42-BABD-409039A6B5E3}.Debug|Win32.Build.0 = Debug|Win32
		{4B2EB31F-78D0-4C42-BABD-409039A6B5E3}.Release|Win32.ActiveCfg = Release|Win32
		{4B2EB31F-78D0-4C42-BABD-409039A6B5E3}.Release|Win32.Build.0 = Release|Win32
		{776ECEE1-F810-4BD5-989F-868F64414C51}.Debug|Win32.ActiveCfg = Debug|Win32
		{776ECEE1-F810-4BD5-989F-868F64414C51}.Debug|Win32.Build.0 = Debug|Win32
		{776ECEE1-F810-4BD5-989F-868F64414C51}.Release|Win32.ActiveCfg = Release|Win32
		{776ECEE1-F810-4BD5-989F-868F64414C51}.Release|Win32.Build.0 = Release|Win32
		{A145489B-F787-4E9B-B78E-1B11E4468BA3}.Debug|Win32.ActiveCfg = Debug|Win32
		{A145489B-F787-4E9B-B78E-1B11E4468BA3}.Debug|Win32.Build.0 = Debug|Win32
		{A145489B-F787-4E9B-B78E-1B11E4468BA3}.Release|Win32.ActiveCfg = Release|Win32
		{A145489B-F787-4E9B-B78E-1B11E4468BA3}.Release|Win32.Build.0 = Release|Win32
		{4D53D068-ABB2-4D39-9CC9-8E81180675C0}.Debug|Win32.ActiveCfg = Debug|Win32
		{4D53D068-ABB2-4D39-9CC9-8E81180675C0}.Debug|Win32.Build.0 = Debug|Win32
		{4D53D068-ABB2-4D39-9CC9-8E81180675C0}.Release|Win32.ActiveCfg = Release|Win32
		{4D53D068-ABB2-4D39-9CC9-8E81180675C0}.Release|Win32.Build.0 = Release|Win32
		{F9753D7B-A429-4D83-A8B4-4D28E0B5BC43}.Debug|Win32.ActiveCfg = Debug|Win32
		{F9753D7B-A429-4D83-A8B4-4D28E0B5BC43}.Debug|Win32.Build.0 = Debug|Win32
		{F9753D7B-A429-4D83-A8B4-4D28E0B5BC43}.Release|Win32.ActiveCfg = Release|Win32
		{F9753D7B-A429-4D83-A8B4-4D28E0B5BC43}.Release|Win32.Build.0 = Release|Win32
		{BD5A1242-75EE-45BD-B87D-A0B4EA9DFA51}.Debug|Win32.ActiveCfg = Debug|Win32
		{BD5A1242-75EE-45BD-B87D-A0B4EA9DFA51}.Debug|Win32.Build.0 = Debug|Win32
		{BD5A1242-75EE-45BD-B87D-A0B4EA9DFA51}.Release|Win32.ActiveCfg = Release|Win32
		{BD5A1242-75EE-45BD-B87D-A0B4EA9DFA51}.Release|Win32.Build.0 = Release|Win32
		{9CA46C49-BD68-4E2F-A473-A02EEB4F0247}.Debug|Win32.ActiveCfg = Debug|Win32
		{9CA46C49-BD68-4E2F-A473-A02EEB4F0247}.Debug|Win32.Build.0 = Debug|Win32
		{9CA46C49-BD68-4E2F-A473-A02EEB4F0247}.Release|Win32.ActiveCfg = Release|Win32
		{9CA46C49-BD68-4E2F-A473-A02EEB4F0247}.Release|Win32.Build.0 = Release|Win32
		{55F6B626-0E3E-4360-ACE4-CDCA6722B09C}.Debug|Win32.ActiveCfg = Debug|Win32
		{55F6B626-0E3E-4360-ACE4-CDCA6722B09C}.Debug|Win32.Build.0 = Debug|Win32
		{55F6B626-0E3E-4360-ACE4-CDCA6722B09C}.Release|Win32.ActiveCfg = Release|Win32
		{55F6B626-0E3E-4360-ACE4-CDCA6722B09C}.Release|Win32.Build.0 = Release|Win32
		{2932A16E-E530-486A-B91D-8D8EA7388F08}.Debug|Win32.ActiveCfg = Debug|Win32
		{2932A16E-E530-486A-B91D-8D8EA7388F08}.Debug|Win32.Build.0 = Debug|Win32
		{2932A16E-E530-486A-B91D-8D8EA7388F08}.Release|Win32.ActiveCfg = Release|Win32
		{2932A16E-E530-486A-B91D-8D8EA7388F08}.Release|Win32.Build.0 = Release|Win32
		{44B455C2-F45E-44C9-9D61-7F4037848C15}.Debug|Win32.ActiveCfg = Debug|Win32
		{44B455C2-F45E-44C9-9D61-7F4037848C15}.Debug|Win32.Build.0 = Debug|Win32
		{44B455C2-F45E-44C9-9D61-7F4037848C15}.Release|Win32.ActiveCfg = Release|Win32
		{44B455C2-F45E-44C9-9D61-7F4037848C15}.Release|Win32.Build.0 = Release|Win32
		{432CEF92-4D0E-4F35-A9DD-0F38681D3A0D}.Debug|Win32.ActiveCfg = Debug|Win32
		{432CEF92-4D0E-4F35-A9DD-0F38681D3A0D}.Debug|Win32.Build.0 = Debug|Win32
		{432CEF92-4D0E-4F35-A9DD-0F38681D3A0D}.Release|Win32.ActiveCfg = Release|Win32
		{432CEF92-4D0E-4F35-A9DD-0F38681D3A0D}.Release|Win32.Build.0 = Release|Win32
		{AE6DA63F-3879-4CF0-B47C-64021AE16332}.Debug|Win32.ActiveCfg = Debug|Win32
		{AE6DA63F-3879-4CF0-B47C-64021AE16332}.Debug|Win32.Build.0 = Debug|Win32
		{AE6DA63F-3879-4CF0-B47C-64021AE16332}.Release|Win32.ActiveCfg = Release|Win32
		{AE6DA63F-3879-4CF0-B47C-64021AE16332}.Release|Win32.Build.0 = Release|Win32
		{BADC038B-8578-446D-80CE-D26A99AB50B4}.Debug|Win32.ActiveCfg = Debug|Win32
		{BADC038B-8578-446D-80CE-D26A99AB50B4}.Debug|Win32.Build.0 = Debug|Win32
		{BADC038B-8578-446D-80CE-D26A99AB50B4}.Release|Win32.ActiveCfg = Release|Win32
		{BADC038B-8578-446D-80CE-D26A99AB50B4}.Release|Win32.Build.0 = Release|Win32
		{F86397B9-D3FA-4847-931F-B1AF61D30B04}.Debug|Win32.ActiveCfg = Debug|Win32
		{F86397B9-D3FA-4847-931F-B1AF61D30B04}.Debug|Win32.Build.0 = Debug|Win32
		{F86397B9-D3FA-4847-931F-B1AF61D30B04}.Release|Win32.ActiveCfg = Release|Win32
		{F86397B9-D3FA-4847-931F-B1AF61D30B04}.Release|Win32.Build.0 = Release|Win32
		{9A8460E1-60B1-4165-85B5-3E873DE6C79C}.Debug|Win32.ActiveCfg = Debug|Win32
		{9A8460E1-60B1-4165-85B5-3E873DE6C79C}.Debug|Win32.Build.0 = Debug|Win32
		{9A8460E1-60B1-4165-85B5-3E873DE6C79C}.Release|Win32.ActiveCfg = Release|Win32
		{9A8460E1-60B1-4165-85B5-3E873DE6C79C}.Release|Win32.Build.0 = Release|Win32
		{601E86C7-6034-4BBF-A82D-72C1F4652D26}.Debug|Win32.ActiveCfg = Debug|Win32
		{601E86C7-6034-4BBF-A82D-72C1F4652D26}.Debug|Win32.Build.0 = Debug|Win32
		{601E86C7-6034-4BBF-A82D-72C1F4652D26}.Release|Win32.ActiveCfg = Release|Win32
		{601E86C7-6034-4BBF-A82D-72C1F4652D26}.Release|Win32.Build.0 = Release|Win32
		{5530A915-4060-46BC-BAB3-4E94AAD18B8A}.Debug|Win32.ActiveCfg = Debug|Win32
		{5530A915-4060-46BC-BAB3-4E94AAD18B8A}.Debug|Win32.Build.0 = Debug|Win32
		{5530A915-4060-46BC-BAB3-4E94AAD18B8A}.Release|Win32.ActiveCfg = Release|Win32
		{5530A915-4060-46BC-BAB3-4E94AAD18B8A}.Release|Win32.Build.0 = Release|Win32
		{D3AF407B-0F7C-4190-9F47-1737EE7BD0CD}.Debug|Win32.ActiveCfg = Debug|Win32
		{D3AF407B-0F7C-4190-9F47-1737EE7BD0CD}.Debug|Win32.Build.0 = Debug|Win32
		{D3AF407B-0F7C-4190-9F47-1737EE7BD0CD}.Release|Win32.ActiveCfg = Release|Win32
		{D3AF407B-0F7C-4190-9F47-1737EE7BD0CD}.Release|Win32.Build.0 = Release|Win32
		{4AAF02D8-A155-4600-ABF9-3B117FBB2113}.Debug|Win32.ActiveCfg = Debug|Win32
		{4AAF02D8-A155-4600-ABF9-3B117FBB2113}.Debug|Win32.Build.0 = Debug|Win32
		{4AAF02D8-A155-4600-ABF9-3B117FBB2113}.Release|Win32.ActiveCfg = Release|Win32
		{4AAF02D8-A155-4600-ABF9-3B117FBB2113}.Release|Win32.Build.0 = Release|Win32
		{AB74AE6A-4FC2-4809-B389-35C0DE551262}.Debug|Win32.ActiveCfg = Debug|Win32
		{AB74AE6A-4FC2-4809-B389-35C0DE551262}.Debug|Win32.Build.0 = Debug|Win32
		{AB74AE6A-4FC2-4809-B389-35C0DE551262}.Release|Win32.ActiveCfg = Release|Win32
		{AB74AE6A-4FC2-4809-B389-35C0DE551262}.Release|Win32.Build.0 = Release|Win32
		{79C5DD72-1C99-4D93-9865-97549382A0A0}.Debug|Win32.ActiveCfg = Debug|Win32
		{79C5DD72-1C99-4D93-9865-97549382A0A0}.Debug|Win32.Build.0 = Debug|Win32
		{79C5DD72-1C99-4D93-9865-97549382A0A0}.Release|Win32.ActiveCfg = Release|Win32
		{79C5DD72-1C99-4D93-9865-97549382A0A0}.Release|Win32.Build.0 = Release|Win32
		{01753B34-F023-4688-B824-8C9E046AB00B}.Debug|Win32.ActiveCfg = Debug|Win32
		{01753B34-F023-4688-B824-8C9E046AB00B}.Debug|Win32.Build.0 = Debug|Win32
		{01753B34-F023-4688-B824-8C9E046AB00B}.Release|Win32.ActiveCfg = Release|Win32
		{01753B34-F023-4688-B824-8C9E046AB00B}.Release|Win32.Build.0 = Release|Win32
		{89C2031B-8FF0-40A6-B325-342484CCBD76}.Debug|Win32.ActiveCfg = Debug|Win32
		{89C2031B-8FF0-40A6-B325-342484CCBD76}.Debug|Win32.Build.0 = Debug|Win32
		{89C2031B-8FF0-40A6-B325-342484CCBD76}.Release|Win32.ActiveCfg = Release|Win32
		{89C2031B-8FF0-40A6-B325-342484CCBD76}.Release|Win32.Build.0 = Release|Win32
		{7A564D08-73B0-4C95-B4F9-D45E05C19C27}.Debug|Win32.ActiveCfg = Debug|Win32
		{7A564D08-73B0-4C95-B4F9-D45E05C19C27}.Debug|Win32.Build.0 = Debug|Win32
		{7A564D08-73B0-4C95-B4F9-D45E05C19C27}.Release|Win32.ActiveCfg = Release|Win32
		{7A564D08-73B0-4C95-B4F9-D45E05C19C27}.Release|Win32.Build.0 = Release|Win32
		{BABA524B-6116-46B5-8B12-674BC6E8BB1B}.Debug|Win32.ActiveCfg = Debug|Win32
		{BABA524B-6116-46B5-8B12-674BC6E8BB1B}.Debug|Win32.Build.0 = Debug|Win32
		{BABA524B-6116-46B5-8B12-674BC6E8BB1B}.Release|Win32.ActiveCfg = Release|Win32
		{BABA524B-6116-46B5-8B12-674BC6E8BB1B}.Release|Win32.Build.0 = Release|Win32
		{9B4FE868-FDE6-4035-8423-65C0E76707F0}.Debug|Win32.ActiveCfg = Debug|Win32
		{9B4FE868-FDE6-4035-8423-65C0E76707F0}.Debug|Win32.Build.0 = Debug|Win32
		{9B4FE868-FDE6-4035-8423-65C0E76707F0}.Release|Win32.ActiveCfg = Release|Win32
		{9B4FE868-FDE6-4035-8423-65C0E76707F0}.Release|Win32.Build.0 = Release|Win32
		{7D763D8D-CB69-43FD-968E-EEA021694A14}.Debug|Win32.ActiveCfg = Debug|Win32
		{7D763D8D-CB69-43FD-968E-EEA021694A14}.Debug|Win32.Build.0 = Debug|Win32
		{7D763D8D-CB69-43FD-968E-EEA021694A14}.Release|Win32.ActiveCfg = Release|Win32
		{7D763D8D-CB69-43FD-968E-EEA021694A14}.Release|Win32.Build.0 = Release|Win32
		{50AF0937-7DD6-4A05-AE2C-874A61804851}.Debug|Win32.ActiveCfg = Debug|Win32
		{50AF0937-7DD6-4A05-AE2C-874A61804851}.Debug|Win32.Build.0 = Debug|Win32
		{50AF0937-7DD6-4A05-AE2C-874A61804851}.Release|Win32.ActiveCfg = Release|Win32
		{50AF0937-7DD6-4A05-AE2C-874A61804851}.Release|Win32.Build.0 = Release|Win32
		{598F506B-2C1D-44E9-8C94-D813F06C6C19}.Debug|Win32.ActiveCfg = Debug|Win32
		{598F506B-2C1D-44E9-8C94-D813F06C6C19}.Debug|Win32.Build.0 = Debug|Win32
		{598F506B-2C1D-44E9-8C94-D813F06C6C19}.Release|Win32.ActiveCfg = Release|Win32
		{598F506B-2C1D-44E9-8C94-D813F06C6C19}.Release|Win32.Build.0 = Release|Win32
		{780C238A-DAB3-4D23-8148-E5CA2466DCA6}.Debug|Win32.ActiveCfg = Debug|Win32
		{780C238A-DAB3-4D23-8148-E5CA2466DCA6}.Debug|Win32.Build.0 = Debug|Win32
		{780C238A-DAB3-4D23-8148-E5CA2466DCA6}.Release|Win32.ActiveCfg = Release|Win32
		{780C238A-DAB3-4D23-8148-E5CA2466DCA6}.Release|Win32.Build.0 = Release|Win32
		{48E823AC-A123-4043-AEBC-9CF434DC9CAA}.Debug|Win32.ActiveCfg = Debug|Win32
		{48E823AC-A123-4043-AEBC-9CF434DC9CAA}.Debug|Win32.Build.0 = Debug|Win32
		{48E823AC-A123-4043-AEBC-9CF434DC9CAA}.Release|Win32.ActiveCfg = Release|Win32
		{48E823AC-A123-4043-AEBC-9CF434DC9CAA}.Release|Win32.Build.0 = Release|Win32
		{E617DF7D-9BBA-4E02-B99B-0D205732DC9C}.Debug|Win32.ActiveCfg = Debug|Win32
		{E617DF7D-9BBA-4E02-B99B-0D205732DC9C}.Debug|Win32.Build.0 = Debug|Win32
		{E617DF7D-9BBA-4E02-B99B-0D205732DC9C}.Release|Win32.ActiveCfg = Release|Win32
		{E617DF7D-9BBA-4E02-B99B-0D205732DC9C}.Release|Win32.Build.0 = Release|Win32
		{7DA4E649-CEBB-446F-9E60-654C689453BF}.Debug|Win32.ActiveCfg = Debug|Win32
		{7DA4E649-CEBB-446F-9E60-654C689453BF}.Debug|Win32.Build.0 = Debug|Win32
		{7DA4E649-CEBB-446F-9E60-654C689453BF}.Release|Win32.ActiveCfg = Release|Win32
		{7DA4E649-CEBB-446F-9E60-654C689453BF}.Release|Win32.Build.0 = Release|Win32
		{91B88F85-C957-47A8-B932-93297D1240C7}.Debug|Win32.ActiveCfg = Debug|Win32
		{91B88F85-C957-47A8-B932-93297D1240C7}.Debug|Win32.Build.0 = Debug|Win32
		{91B88F85-C957-47A8-B932-93297D1240C7}.Release|Win32.ActiveCfg = Release|Win32
		{91B88F85-C957-47A8-B932-93297D1240C7}.Release|Win32.Build.0 = Release|Win32
		{BA3A0DF4-EC11-4C0E-A36B-A0D538B781F4}.Debug|Win32.ActiveCfg = Debug|Win32
		{BA3A0DF4-EC11-4C0E-A36B-A0D538B781F4}.Debug|Win32.Build.0 = Debug|Win32
		{BA3A0DF4-EC11-4C0E-A36B-A0D538B781F4}.Release|Win32.ActiveCfg = Release|Win32
		{BA3A0DF4-EC11-4C0E-A36B-A0D538B781F4}.Release|Win32.Build.0 = Release|Win32
		{C45B19D3-D5AD-401F-9DB5-073D9300A314}.Debug|Win32.ActiveCfg = Debug|Win32
		{C45B19D3-D5AD-401F-9DB5-073D9300A314}.Debug|Win32.Build.0 = Debug|Win32
		{C45B19D3-D5AD-401F-9DB5-073D9300A314}.Release|Win32.ActiveCfg = Release|Win32
		{C45B19D3-D5AD-401F-9DB5-073D9300A314}.Release|Win32.Build.0 = Release|Win32
		{CD9FE4AA-3275-4B75-8D91-F26B3F6D0562}.Debug|Win32.ActiveCfg = Debug|Win32
		{CD9FE4AA-3275-4B75-8D91-F26B3F6D0562}.Debug|Win32.Build.0 = Debug|Win32
		{CD9FE4AA-3275-4B75-8D91-F26B3F6D0562}.Release|Win32.ActiveCfg = Release|Win32
		{CD9FE4AA-3275-4B75-8D91-F26B3F6D0562}.Release|Win32.Build.0 = Release|Win32
		{20203E32-855B-48D9-BB00-4B470214A40D}.Debug|Win32.ActiveCfg = Debug|Win32
		{20203E32-855B-48D9-BB00-4B470214A40D}.Debug|Win32.Build.0 = Debug|Win32
		{20203E32-855B-48D9-BB00-4B470214A40D}.Release|Win32.ActiveCfg = Release|Win32
		{20203E32-855B-48D9-BB00-4B470214A40D}.Release|Win32.Build.0 = Release|Win32
		{966D8C2A-6060-46C3-B425-07EF92C00B4C}.Debug|Win32.ActiveCfg = Debug|Win32
		{966D8C2A-6060-46C3-B425-07EF92C00B4C}.Debug|Win32.Build.0 = Debug|Win32
		{966D8C2A-6060-46C3-B425-07EF92C00B4C}.Release|Win32.ActiveCfg = Release|Win32
		{966D8C2A-6060-46C3-B425-07EF92C00B4C}.Release|Win32.Build.0 = Release|Win32
		{F5E72A9A-39AC-4E42-8396-0F30855C593C}.Debug|Win32.ActiveCfg = Debug|Win32
		{F5E72A9A-39AC-4E42-8396-0F30855C593C}.Debug|Win32.Build.0 = Debug|Win32
		{F5E72A9A-39AC-4E42-8396-0F30855C593C}.Release|Win32.ActiveCfg = Release|Win32
		{F5E72A9A-39AC-4E42-8396-0F30855C593C}.Release|Win32.Build.0 = Release|Win32
		{D9F7B17A-9EEA-4D99-B007-87B84298D2F2}.Debug|Win32.ActiveCfg = Debug|Win32
		{D9F7B17A-9EEA-4D99-B007-87B84298D2F2}.Debug|Win32.Build.0 = Debug|Win32
		{D9F7B17A-9EEA-4D99-B007-87B84298D2F2}.Release|Win32.ActiveCfg = Release|Win32
		{D9F7B17A-9EEA-4D99-B007-87B84298D2F2}.Release|Win32.Build.0 = Release|Win32
		{D3660EC5-F9BC-4483-9B7C-020342FA02CB}.Debug|Win32.ActiveCfg = Debug|Win32
		{D3660EC5-F9BC-4483-9B7C-020342FA02CB}.Debug|Win32.Build.0 = Debug|Win32
		{D3660EC5-F9BC-4483-9B7C-020342FA02CB}.Release|Win32.ActiveCfg = Release|Win32
		{D3660EC5-F9BC-4483-9B7C-020342FA02CB}.Release|Win32.Build.0 = Release|Win32
		{9E4F559B-6501-4333-99B9-C3AC359C1BF3}.Debug|Win32.ActiveCfg = Debug|Win32
		{9E4F559B-6501-4333-99B9-C3AC359C1BF3}.Debug|Win32.Build.0 = Debug|Win32
		{9E4F559B-6501-4333-99B9-C3AC359C1BF3}.Release|Win32.ActiveCfg = Release|Win32
		{9E4F559B-6501-4333-99B9-C3AC359C1BF3}.Release|Win32.Build.0 = Release|Win32
		{252B6E30-4C0C-4949-B92E-1925000CC798}.Debug|Win32.ActiveCfg = Debug|Win32
		{252B6E30-4C0C-4949-B92E-1925000CC798}.Debug|Win32.Build.0 = Debug|Win32
		{252B6E30-4C0C-4949-B92E-1925000CC798}.Release|Win32.ActiveCfg = Release|Win32
		{252B6E30-4C0C-4949-B92E-1925000CC798}.Release|Win32.Build.0 = Release|Win32
		{EB04A985-5D37-418A-BC80-FACA9A595380}.Debug|Win32.ActiveCfg = Debug|Win32
		{EB04A985-5D37-418A-BC80-FACA9A595380}.Debug|Win32.Build.0 = Debug|Win32
		{EB04A985-5D37-418A-BC80-FACA9A595380}.Release|Win32.ActiveCfg = Release|Win32
		{EB04A985-5D37-418A-BC80-FACA9A595380}.Release|Win32.Build.0 = Release|Win32
	EndGlobalSection
	GlobalSection(SolutionProperties) = preSolution
		HideSolutionNode = FALSE
	EndGlobalSection
EndGlobal
