
Microsoft Visual Studio Solution File, Format Version 11.00
# Visual Studio 2010
Project("{8BC9CEB8-8B4A-11D0-8D11-00A0C91BC942}") = "(C2)ScrnSize", "ScrnSize\ScrnSize.vcxproj", "{89131330-241B-49D1-9D5D-8910A4D7FD3B}"
EndProject
Project("{8BC9CEB8-8B4A-11D0-8D11-00A0C91BC942}") = "(C1)HelloMsg", "HelloMsg\HelloMsg.vcxproj", "{FDF25FC3-1477-4598-9FFB-AEEC8F686E39}"
EndProject
Project("{8BC9CEB8-8B4A-11D0-8D11-00A0C91BC942}") = "(C3)HelloWin", "HelloWin\HelloWin.vcxproj", "{6E3D7B86-1408-4603-909F-0F76B8DADD6F}"
EndProject
Project("{8BC9CEB8-8B4A-11D0-8D11-00A0C91BC942}") = "(C4)SysMets1", "SysMets1\SysMets1.vcxproj", "{9B3077BA-B78C-4CA7-BA1E-22C4A68DF95E}"
EndProject
Project("{8BC9CEB8-8B4A-11D0-8D11-00A0C91BC942}") = "(C4)SysMets2", "SysMets2\SysMets2.vcxproj", "{E07B7C41-AF45-41FF-8A9C-77AE52142827}"
EndProject
Project("{8BC9CEB8-8B4A-11D0-8D11-00A0C91BC942}") = "(C4)SysMets3", "SysMets3\SysMets3.vcxproj", "{A1A9FD23-6F4E-4865-8033-AE3D0D841420}"
EndProject
Project("{8BC9CEB8-8B4A-11D0-8D11-00A0C91BC942}") = "(C5)DevCaps1", "DevCaps1\DevCaps1.vcxproj", "{C5F6656E-9132-4154-9722-29CB97642062}"
EndProject
Project("{8BC9CEB8-8B4A-11D0-8D11-00A0C91BC942}") = "(C5)SineWave", "SineWave\SineWave.vcxproj", "{D3C44FBD-ABDA-41B3-9D21-84DDC4AFCFB7}"
EndProject
Project("{8BC9CEB8-8B4A-11D0-8D11-00A0C91BC942}") = "(C5)LineDemo", "LineDemo\LineDemo.vcxproj", "{EE99D96F-C3FA-4231-81EA-9BAF0CB69E2D}"
EndProject
Project("{8BC9CEB8-8B4A-11D0-8D11-00A0C91BC942}") = "(C5)Bezier", "Bezier\Bezier.vcxproj", "{55076C95-CA73-4C04-9D81-8E654774044B}"
EndProject
Project("{8BC9CEB8-8B4A-11D0-8D11-00A0C91BC942}") = "(C5)AltWind", "AltWind\AltWind.vcxproj", "{D1CD449B-47B6-4DB5-8CC6-FE8C344DE666}"
EndProject
Project("{8BC9CEB8-8B4A-11D0-8D11-00A0C91BC942}") = "(C5)WhatSize", "WhatSize\WhatSize.vcxproj", "{F8DC8775-A432-4893-9204-BD09A98F4931}"
EndProject
Project("{8BC9CEB8-8B4A-11D0-8D11-00A0C91BC942}") = "MyWhatSize", "MyWhatSize\MyWhatSize.vcxproj", "{C739E455-FBE8-40BB-B689-562EF7A860DF}"
EndProject
Project("{8BC9CEB8-8B4A-11D0-8D11-00A0C91BC942}") = "(C5)RandRect", "RandRect\RandRect.vcxproj", "{7F6DA8F5-00DE-453D-8885-7508820AA814}"
EndProject
Project("{8BC9CEB8-8B4A-11D0-8D11-00A0C91BC942}") = "MyPolygon", "MyPolygon\MyPolygon.vcxproj", "{EF362E78-63D4-45EF-89F3-EC4A5589A73D}"
EndProject
Project("{8BC9CEB8-8B4A-11D0-8D11-00A0C91BC942}") = "(C5)Clover", "Clover\Clover.vcxproj", "{B21167D3-7481-436E-9133-0694C0289515}"
EndProject
Project("{8BC9CEB8-8B4A-11D0-8D11-00A0C91BC942}") = "(C6)SysMets4", "SysMets4\SysMets4.vcxproj", "{2CD17DF2-DD88-450C-837B-4BC19ED61696}"
EndProject
Project("{8BC9CEB8-8B4A-11D0-8D11-00A0C91BC942}") = "(C6)KeyView1", "KeyView1\KeyView1.vcxproj", "{52FC9B95-62D2-4281-ACA1-3E5C09983C93}"
EndProject
Project("{8BC9CEB8-8B4A-11D0-8D11-00A0C91BC942}") = "MatrixDigitalRain", "MatrixDigitalRain\MatrixDigitalRain.vcxproj", "{8BC6FA3F-2506-4BBC-B665-4F20D812D39E}"
EndProject
Project("{8BC9CEB8-8B4A-11D0-8D11-00A0C91BC942}") = "(C6)StokFont", "StokFont\StokFont.vcxproj", "{ECC1D37F-EFE9-4A31-8D80-5DA034252E32}"
EndProject
Project("{8BC9CEB8-8B4A-11D0-8D11-00A0C91BC942}") = "(C6)KeyView2", "KeyView2\KeyView2.vcxproj", "{B99B77FA-3484-49BA-85ED-8AB06B201E72}"
EndProject
Project("{8BC9CEB8-8B4A-11D0-8D11-00A0C91BC942}") = "(C6)Typer", "Typer\Typer.vcxproj", "{3306EBAD-E6DE-4E0A-BCF9-9EA2891988E6}"
EndProject
Project("{8BC9CEB8-8B4A-11D0-8D11-00A0C91BC942}") = "MyTyper", "MyTyper\MyTyper.vcxproj", "{FE3E1FB4-4875-4EFD-AFE7-4A1F60C59ED8}"
EndProject
Project("{8BC9CEB8-8B4A-11D0-8D11-00A0C91BC942}") = "(C6)Connect", "Connect\Connect.vcxproj", "{2E5D42DA-196B-4B63-A696-DD736893B2EF}"
EndProject
Project("{8BC9CEB8-8B4A-11D0-8D11-00A0C91BC942}") = "MyConnect", "MyConnect\MyConnect.vcxproj", "{0518997C-4D91-45C3-8558-B3A92754B141}"
EndProject
Project("{8BC9CEB8-8B4A-11D0-8D11-00A0C91BC942}") = "(C7)Checker1", "Checker1\Checker1.vcxproj", "{AE31AAD4-1F07-4CCB-96D7-4AA8206251E7}"
EndProject
Project("{8BC9CEB8-8B4A-11D0-8D11-00A0C91BC942}") = "(C7)Checker2", "Checker2\Checker2.vcxproj", "{41CB85ED-A0DE-4FB6-9C5C-CC8C282CC18C}"
EndProject
Project("{8BC9CEB8-8B4A-11D0-8D11-00A0C91BC942}") = "MyChecker2", "MyChecker2\MyChecker2.vcxproj", "{5370B8A9-08EB-4534-8999-5C7A7C11BDA2}"
EndProject
Project("{8BC9CEB8-8B4A-11D0-8D11-00A0C91BC942}") = "(C7)Checker3", "Checker3\Checker3.vcxproj", "{F94CF615-E694-4A5E-B4AF-6CECED746C6A}"
EndProject
Project("{8BC9CEB8-8B4A-11D0-8D11-00A0C91BC942}") = "MyChecker3", "MyChecker3\MyChecker3.vcxproj", "{88AEB4E4-EF95-4831-9EA6-E05C0C0F6E81}"
EndProject
Project("{8BC9CEB8-8B4A-11D0-8D11-00A0C91BC942}") = "(C7)Checker4", "Checker4\Checker4.vcxproj", "{6A58ED77-B6E4-40DD-BCA7-2CB239ACC90B}"
EndProject
Project("{8BC9CEB8-8B4A-11D0-8D11-00A0C91BC942}") = "MyChecker4", "MyChecker4\MyChecker4.vcxproj", "{E4FB7C16-4F47-40AB-AA62-2E7403F405B1}"
EndProject
Project("{8BC9CEB8-8B4A-11D0-8D11-00A0C91BC942}") = "(C7)BlokOut1", "BlokOut1\BlokOut1.vcxproj", "{FB565909-EF66-4CD8-AF64-871C24D0A828}"
EndProject
Project("{8BC9CEB8-8B4A-11D0-8D11-00A0C91BC942}") = "MyBlokOut1", "MyBlokOut1\MyBlokOut1.vcxproj", "{4B49E416-0E97-4255-A6B3-18A94E1279C1}"
EndProject
Project("{8BC9CEB8-8B4A-11D0-8D11-00A0C91BC942}") = "(C7)BlokOut2", "BlokOut2\BlokOut2.vcxproj", "{0DB09528-EF12-4D25-9D10-777513E5D97A}"
EndProject
Project("{8BC9CEB8-8B4A-11D0-8D11-00A0C91BC942}") = "(C7)SysMets", "SysMets\SysMets.vcxproj", "{8BB0E045-E238-4B05-B44A-67DAB38E0034}"
EndProject
Project("{8BC9CEB8-8B4A-11D0-8D11-00A0C91BC942}") = "(C8)Beeper1", "Beeper1\Beeper1.vcxproj", "{3343AE2D-1A13-4643-8978-694F34E472EF}"
EndProject
Project("{8BC9CEB8-8B4A-11D0-8D11-00A0C91BC942}") = "(C8)Beeper2", "Beeper2\Beeper2.vcxproj", "{371D84C2-CB6A-439C-9363-524269AE82EC}"
EndProject
Project("{8BC9CEB8-8B4A-11D0-8D11-00A0C91BC942}") = "(C8)Clock", "Clock\Clock.vcxproj", "{06173645-BD98-4A23-9B45-DEC40BE2362B}"
EndProject
Project("{8BC9CEB8-8B4A-11D0-8D11-00A0C91BC942}") = "(C8)DigClock", "DigClock\DigClock.vcxproj", "{435E0689-C6D1-41A8-AD79-8E1C00F62649}"
EndProject
Project("{8BC9CEB8-8B4A-11D0-8D11-00A0C91BC942}") = "MyDigClock", "MyDigClock\MyDigClock.vcxproj", "{A6D27378-DA77-4487-830B-101B3A0C7FB4}"
EndProject
Project("{8BC9CEB8-8B4A-11D0-8D11-00A0C91BC942}") = "(C8)WhatClr", "WhatClr\WhatClr.vcxproj", "{DDBA26EB-DE5A-4A4C-9A35-B2985B79B86E}"
EndProject
Project("{8BC9CEB8-8B4A-11D0-8D11-00A0C91BC942}") = "(C9)BtnLook", "BtnLook\BtnLook.vcxproj", "{790BB2F3-861B-4FF9-9FA9-F5A12EB7B18A}"
EndProject
Project("{8BC9CEB8-8B4A-11D0-8D11-00A0C91BC942}") = "MyBtnLook", "MyBtnLook\MyBtnLook.vcxproj", "{DFBE0511-F064-4DA0-9DDD-306478B1356B}"
EndProject
Project("{8BC9CEB8-8B4A-11D0-8D11-00A0C91BC942}") = "(C9)OwnDraw", "OwnDraw\OwnDraw.vcxproj", "{0B9C4AE3-1D64-4194-BAE7-74CCFE851066}"
EndProject
Project("{8BC9CEB8-8B4A-11D0-8D11-00A0C91BC942}") = "MyOwnDraw", "MyOwnDraw\MyOwnDraw.vcxproj", "{23D5B5F5-86C9-41FF-A080-0BB7F1523A00}"
EndProject
Project("{8BC9CEB8-8B4A-11D0-8D11-00A0C91BC942}") = "(C9)Colors1", "Colors1\Colors1.vcxproj", "{7A4D49E9-8918-4DD1-87E6-E8339E4BF3E4}"
EndProject
Project("{8BC9CEB8-8B4A-11D0-8D11-00A0C91BC942}") = "MyColors1", "MyColors1\MyColors1.vcxproj", "{BAABDA15-6B2D-4994-B7E4-87A63FE1620C}"
EndProject
Project("{8BC9CEB8-8B4A-11D0-8D11-00A0C91BC942}") = "(C9)PopPad1", "PopPad1\PopPad1.vcxproj", "{B29C0C64-F13D-4BE7-957E-F582CD5D8EA0}"
EndProject
Project("{8BC9CEB8-8B4A-11D0-8D11-00A0C91BC942}") = "(C9)Environ", "Environ\Environ.vcxproj", "{8AA59735-8D69-4085-9B6E-8A4CC62E9225}"
EndProject
Project("{8BC9CEB8-8B4A-11D0-8D11-00A0C91BC942}") = "MyEnviron", "MyEnviron\MyEnviron.vcxproj", "{0E3A251E-8F20-4741-8615-95F40FEF8BDD}"
EndProject
Project("{8BC9CEB8-8B4A-11D0-8D11-00A0C91BC942}") = "(C9)Head", "Head\Head.vcxproj", "{7EB31F3D-CB31-4607-A937-664B36EF4528}"
EndProject
Global
	GlobalSection(SolutionConfigurationPlatforms) = preSolution
		Debug|Win32 = Debug|Win32
		Release|Win32 = Release|Win32
	EndGlobalSection
	GlobalSection(ProjectConfigurationPlatforms) = postSolution
		{89131330-241B-49D1-9D5D-8910A4D7FD3B}.Debug|Win32.ActiveCfg = Debug|Win32
		{89131330-241B-49D1-9D5D-8910A4D7FD3B}.Debug|Win32.Build.0 = Debug|Win32
		{89131330-241B-49D1-9D5D-8910A4D7FD3B}.Release|Win32.ActiveCfg = Release|Win32
		{89131330-241B-49D1-9D5D-8910A4D7FD3B}.Release|Win32.Build.0 = Release|Win32
		{FDF25FC3-1477-4598-9FFB-AEEC8F686E39}.Debug|Win32.ActiveCfg = Debug|Win32
		{FDF25FC3-1477-4598-9FFB-AEEC8F686E39}.Debug|Win32.Build.0 = Debug|Win32
		{FDF25FC3-1477-4598-9FFB-AEEC8F686E39}.Release|Win32.ActiveCfg = Release|Win32
		{FDF25FC3-1477-4598-9FFB-AEEC8F686E39}.Release|Win32.Build.0 = Release|Win32
		{6E3D7B86-1408-4603-909F-0F76B8DADD6F}.Debug|Win32.ActiveCfg = Debug|Win32
		{6E3D7B86-1408-4603-909F-0F76B8DADD6F}.Debug|Win32.Build.0 = Debug|Win32
		{6E3D7B86-1408-4603-909F-0F76B8DADD6F}.Release|Win32.ActiveCfg = Release|Win32
		{6E3D7B86-1408-4603-909F-0F76B8DADD6F}.Release|Win32.Build.0 = Release|Win32
		{9B3077BA-B78C-4CA7-BA1E-22C4A68DF95E}.Debug|Win32.ActiveCfg = Debug|Win32
		{9B3077BA-B78C-4CA7-BA1E-22C4A68DF95E}.Debug|Win32.Build.0 = Debug|Win32
		{9B3077BA-B78C-4CA7-BA1E-22C4A68DF95E}.Release|Win32.ActiveCfg = Release|Win32
		{9B3077BA-B78C-4CA7-BA1E-22C4A68DF95E}.Release|Win32.Build.0 = Release|Win32
		{E07B7C41-AF45-41FF-8A9C-77AE52142827}.Debug|Win32.ActiveCfg = Debug|Win32
		{E07B7C41-AF45-41FF-8A9C-77AE52142827}.Debug|Win32.Build.0 = Debug|Win32
		{E07B7C41-AF45-41FF-8A9C-77AE52142827}.Release|Win32.ActiveCfg = Release|Win32
		{E07B7C41-AF45-41FF-8A9C-77AE52142827}.Release|Win32.Build.0 = Release|Win32
		{A1A9FD23-6F4E-4865-8033-AE3D0D841420}.Debug|Win32.ActiveCfg = Debug|Win32
		{A1A9FD23-6F4E-4865-8033-AE3D0D841420}.Debug|Win32.Build.0 = Debug|Win32
		{A1A9FD23-6F4E-4865-8033-AE3D0D841420}.Release|Win32.ActiveCfg = Release|Win32
		{A1A9FD23-6F4E-4865-8033-AE3D0D841420}.Release|Win32.Build.0 = Release|Win32
		{C5F6656E-9132-4154-9722-29CB97642062}.Debug|Win32.ActiveCfg = Debug|Win32
		{C5F6656E-9132-4154-9722-29CB97642062}.Debug|Win32.Build.0 = Debug|Win32
		{C5F6656E-9132-4154-9722-29CB97642062}.Release|Win32.ActiveCfg = Release|Win32
		{C5F6656E-9132-4154-9722-29CB97642062}.Release|Win32.Build.0 = Release|Win32
		{D3C44FBD-ABDA-41B3-9D21-84DDC4AFCFB7}.Debug|Win32.ActiveCfg = Debug|Win32
		{D3C44FBD-ABDA-41B3-9D21-84DDC4AFCFB7}.Debug|Win32.Build.0 = Debug|Win32
		{D3C44FBD-ABDA-41B3-9D21-84DDC4AFCFB7}.Release|Win32.ActiveCfg = Release|Win32
		{D3C44FBD-ABDA-41B3-9D21-84DDC4AFCFB7}.Release|Win32.Build.0 = Release|Win32
		{EE99D96F-C3FA-4231-81EA-9BAF0CB69E2D}.Debug|Win32.ActiveCfg = Debug|Win32
		{EE99D96F-C3FA-4231-81EA-9BAF0CB69E2D}.Debug|Win32.Build.0 = Debug|Win32
		{EE99D96F-C3FA-4231-81EA-9BAF0CB69E2D}.Release|Win32.ActiveCfg = Release|Win32
		{EE99D96F-C3FA-4231-81EA-9BAF0CB69E2D}.Release|Win32.Build.0 = Release|Win32
		{55076C95-CA73-4C04-9D81-8E654774044B}.Debug|Win32.ActiveCfg = Debug|Win32
		{55076C95-CA73-4C04-9D81-8E654774044B}.Debug|Win32.Build.0 = Debug|Win32
		{55076C95-CA73-4C04-9D81-8E654774044B}.Release|Win32.ActiveCfg = Release|Win32
		{55076C95-CA73-4C04-9D81-8E654774044B}.Release|Win32.Build.0 = Release|Win32
		{D1CD449B-47B6-4DB5-8CC6-FE8C344DE666}.Debug|Win32.ActiveCfg = Debug|Win32
		{D1CD449B-47B6-4DB5-8CC6-FE8C344DE666}.Debug|Win32.Build.0 = Debug|Win32
		{D1CD449B-47B6-4DB5-8CC6-FE8C344DE666}.Release|Win32.ActiveCfg = Release|Win32
		{D1CD449B-47B6-4DB5-8CC6-FE8C344DE666}.Release|Win32.Build.0 = Release|Win32
		{F8DC8775-A432-4893-9204-BD09A98F4931}.Debug|Win32.ActiveCfg = Debug|Win32
		{F8DC8775-A432-4893-9204-BD09A98F4931}.Debug|Win32.Build.0 = Debug|Win32
		{F8DC8775-A432-4893-9204-BD09A98F4931}.Release|Win32.ActiveCfg = Release|Win32
		{F8DC8775-A432-4893-9204-BD09A98F4931}.Release|Win32.Build.0 = Release|Win32
		{C739E455-FBE8-40BB-B689-562EF7A860DF}.Debug|Win32.ActiveCfg = Debug|Win32
		{C739E455-FBE8-40BB-B689-562EF7A860DF}.Debug|Win32.Build.0 = Debug|Win32
		{C739E455-FBE8-40BB-B689-562EF7A860DF}.Release|Win32.ActiveCfg = Release|Win32
		{C739E455-FBE8-40BB-B689-562EF7A860DF}.Release|Win32.Build.0 = Release|Win32
		{7F6DA8F5-00DE-453D-8885-7508820AA814}.Debug|Win32.ActiveCfg = Debug|Win32
		{7F6DA8F5-00DE-453D-8885-7508820AA814}.Debug|Win32.Build.0 = Debug|Win32
		{7F6DA8F5-00DE-453D-8885-7508820AA814}.Release|Win32.ActiveCfg = Release|Win32
		{7F6DA8F5-00DE-453D-8885-7508820AA814}.Release|Win32.Build.0 = Release|Win32
		{EF362E78-63D4-45EF-89F3-EC4A5589A73D}.Debug|Win32.ActiveCfg = Debug|Win32
		{EF362E78-63D4-45EF-89F3-EC4A5589A73D}.Debug|Win32.Build.0 = Debug|Win32
		{EF362E78-63D4-45EF-89F3-EC4A5589A73D}.Release|Win32.ActiveCfg = Release|Win32
		{EF362E78-63D4-45EF-89F3-EC4A5589A73D}.Release|Win32.Build.0 = Release|Win32
		{B21167D3-7481-436E-9133-0694C0289515}.Debug|Win32.ActiveCfg = Debug|Win32
		{B21167D3-7481-436E-9133-0694C0289515}.Debug|Win32.Build.0 = Debug|Win32
		{B21167D3-7481-436E-9133-0694C0289515}.Release|Win32.ActiveCfg = Release|Win32
		{B21167D3-7481-436E-9133-0694C0289515}.Release|Win32.Build.0 = Release|Win32
		{2CD17DF2-DD88-450C-837B-4BC19ED61696}.Debug|Win32.ActiveCfg = Debug|Win32
		{2CD17DF2-DD88-450C-837B-4BC19ED61696}.Debug|Win32.Build.0 = Debug|Win32
		{2CD17DF2-DD88-450C-837B-4BC19ED61696}.Release|Win32.ActiveCfg = Release|Win32
		{2CD17DF2-DD88-450C-837B-4BC19ED61696}.Release|Win32.Build.0 = Release|Win32
		{52FC9B95-62D2-4281-ACA1-3E5C09983C93}.Debug|Win32.ActiveCfg = Debug|Win32
		{52FC9B95-62D2-4281-ACA1-3E5C09983C93}.Debug|Win32.Build.0 = Debug|Win32
		{52FC9B95-62D2-4281-ACA1-3E5C09983C93}.Release|Win32.ActiveCfg = Release|Win32
		{52FC9B95-62D2-4281-ACA1-3E5C09983C93}.Release|Win32.Build.0 = Release|Win32
		{8BC6FA3F-2506-4BBC-B665-4F20D812D39E}.Debug|Win32.ActiveCfg = Release|Win32
		{8BC6FA3F-2506-4BBC-B665-4F20D812D39E}.Debug|Win32.Build.0 = Release|Win32
		{8BC6FA3F-2506-4BBC-B665-4F20D812D39E}.Release|Win32.ActiveCfg = Release|Win32
		{8BC6FA3F-2506-4BBC-B665-4F20D812D39E}.Release|Win32.Build.0 = Release|Win32
		{ECC1D37F-EFE9-4A31-8D80-5DA034252E32}.Debug|Win32.ActiveCfg = Debug|Win32
		{ECC1D37F-EFE9-4A31-8D80-5DA034252E32}.Debug|Win32.Build.0 = Debug|Win32
		{ECC1D37F-EFE9-4A31-8D80-5DA034252E32}.Release|Win32.ActiveCfg = Release|Win32
		{ECC1D37F-EFE9-4A31-8D80-5DA034252E32}.Release|Win32.Build.0 = Release|Win32
		{B99B77FA-3484-49BA-85ED-8AB06B201E72}.Debug|Win32.ActiveCfg = Debug|Win32
		{B99B77FA-3484-49BA-85ED-8AB06B201E72}.Debug|Win32.Build.0 = Debug|Win32
		{B99B77FA-3484-49BA-85ED-8AB06B201E72}.Release|Win32.ActiveCfg = Release|Win32
		{B99B77FA-3484-49BA-85ED-8AB06B201E72}.Release|Win32.Build.0 = Release|Win32
		{3306EBAD-E6DE-4E0A-BCF9-9EA2891988E6}.Debug|Win32.ActiveCfg = Debug|Win32
		{3306EBAD-E6DE-4E0A-BCF9-9EA2891988E6}.Debug|Win32.Build.0 = Debug|Win32
		{3306EBAD-E6DE-4E0A-BCF9-9EA2891988E6}.Release|Win32.ActiveCfg = Release|Win32
		{3306EBAD-E6DE-4E0A-BCF9-9EA2891988E6}.Release|Win32.Build.0 = Release|Win32
		{FE3E1FB4-4875-4EFD-AFE7-4A1F60C59ED8}.Debug|Win32.ActiveCfg = Debug|Win32
		{FE3E1FB4-4875-4EFD-AFE7-4A1F60C59ED8}.Debug|Win32.Build.0 = Debug|Win32
		{FE3E1FB4-4875-4EFD-AFE7-4A1F60C59ED8}.Release|Win32.ActiveCfg = Release|Win32
		{FE3E1FB4-4875-4EFD-AFE7-4A1F60C59ED8}.Release|Win32.Build.0 = Release|Win32
		{2E5D42DA-196B-4B63-A696-DD736893B2EF}.Debug|Win32.ActiveCfg = Debug|Win32
		{2E5D42DA-196B-4B63-A696-DD736893B2EF}.Debug|Win32.Build.0 = Debug|Win32
		{2E5D42DA-196B-4B63-A696-DD736893B2EF}.Release|Win32.ActiveCfg = Release|Win32
		{2E5D42DA-196B-4B63-A696-DD736893B2EF}.Release|Win32.Build.0 = Release|Win32
		{0518997C-4D91-45C3-8558-B3A92754B141}.Debug|Win32.ActiveCfg = Debug|Win32
		{0518997C-4D91-45C3-8558-B3A92754B141}.Debug|Win32.Build.0 = Debug|Win32
		{0518997C-4D91-45C3-8558-B3A92754B141}.Release|Win32.ActiveCfg = Release|Win32
		{0518997C-4D91-45C3-8558-B3A92754B141}.Release|Win32.Build.0 = Release|Win32
		{AE31AAD4-1F07-4CCB-96D7-4AA8206251E7}.Debug|Win32.ActiveCfg = Debug|Win32
		{AE31AAD4-1F07-4CCB-96D7-4AA8206251E7}.Debug|Win32.Build.0 = Debug|Win32
		{AE31AAD4-1F07-4CCB-96D7-4AA8206251E7}.Release|Win32.ActiveCfg = Release|Win32
		{AE31AAD4-1F07-4CCB-96D7-4AA8206251E7}.Release|Win32.Build.0 = Release|Win32
		{41CB85ED-A0DE-4FB6-9C5C-CC8C282CC18C}.Debug|Win32.ActiveCfg = Debug|Win32
		{41CB85ED-A0DE-4FB6-9C5C-CC8C282CC18C}.Debug|Win32.Build.0 = Debug|Win32
		{41CB85ED-A0DE-4FB6-9C5C-CC8C282CC18C}.Release|Win32.ActiveCfg = Release|Win32
		{41CB85ED-A0DE-4FB6-9C5C-CC8C282CC18C}.Release|Win32.Build.0 = Release|Win32
		{5370B8A9-08EB-4534-8999-5C7A7C11BDA2}.Debug|Win32.ActiveCfg = Debug|Win32
		{5370B8A9-08EB-4534-8999-5C7A7C11BDA2}.Debug|Win32.Build.0 = Debug|Win32
		{5370B8A9-08EB-4534-8999-5C7A7C11BDA2}.Release|Win32.ActiveCfg = Release|Win32
		{5370B8A9-08EB-4534-8999-5C7A7C11BDA2}.Release|Win32.Build.0 = Release|Win32
		{F94CF615-E694-4A5E-B4AF-6CECED746C6A}.Debug|Win32.ActiveCfg = Debug|Win32
		{F94CF615-E694-4A5E-B4AF-6CECED746C6A}.Debug|Win32.Build.0 = Debug|Win32
		{F94CF615-E694-4A5E-B4AF-6CECED746C6A}.Release|Win32.ActiveCfg = Release|Win32
		{F94CF615-E694-4A5E-B4AF-6CECED746C6A}.Release|Win32.Build.0 = Release|Win32
		{88AEB4E4-EF95-4831-9EA6-E05C0C0F6E81}.Debug|Win32.ActiveCfg = Debug|Win32
		{88AEB4E4-EF95-4831-9EA6-E05C0C0F6E81}.Debug|Win32.Build.0 = Debug|Win32
		{88AEB4E4-EF95-4831-9EA6-E05C0C0F6E81}.Release|Win32.ActiveCfg = Release|Win32
		{88AEB4E4-EF95-4831-9EA6-E05C0C0F6E81}.Release|Win32.Build.0 = Release|Win32
		{6A58ED77-B6E4-40DD-BCA7-2CB239ACC90B}.Debug|Win32.ActiveCfg = Debug|Win32
		{6A58ED77-B6E4-40DD-BCA7-2CB239ACC90B}.Debug|Win32.Build.0 = Debug|Win32
		{6A58ED77-B6E4-40DD-BCA7-2CB239ACC90B}.Release|Win32.ActiveCfg = Release|Win32
		{6A58ED77-B6E4-40DD-BCA7-2CB239ACC90B}.Release|Win32.Build.0 = Release|Win32
		{E4FB7C16-4F47-40AB-AA62-2E7403F405B1}.Debug|Win32.ActiveCfg = Debug|Win32
		{E4FB7C16-4F47-40AB-AA62-2E7403F405B1}.Debug|Win32.Build.0 = Debug|Win32
		{E4FB7C16-4F47-40AB-AA62-2E7403F405B1}.Release|Win32.ActiveCfg = Release|Win32
		{E4FB7C16-4F47-40AB-AA62-2E7403F405B1}.Release|Win32.Build.0 = Release|Win32
		{FB565909-EF66-4CD8-AF64-871C24D0A828}.Debug|Win32.ActiveCfg = Debug|Win32
		{FB565909-EF66-4CD8-AF64-871C24D0A828}.Debug|Win32.Build.0 = Debug|Win32
		{FB565909-EF66-4CD8-AF64-871C24D0A828}.Release|Win32.ActiveCfg = Release|Win32
		{FB565909-EF66-4CD8-AF64-871C24D0A828}.Release|Win32.Build.0 = Release|Win32
		{4B49E416-0E97-4255-A6B3-18A94E1279C1}.Debug|Win32.ActiveCfg = Debug|Win32
		{4B49E416-0E97-4255-A6B3-18A94E1279C1}.Debug|Win32.Build.0 = Debug|Win32
		{4B49E416-0E97-4255-A6B3-18A94E1279C1}.Release|Win32.ActiveCfg = Release|Win32
		{4B49E416-0E97-4255-A6B3-18A94E1279C1}.Release|Win32.Build.0 = Release|Win32
		{0DB09528-EF12-4D25-9D10-777513E5D97A}.Debug|Win32.ActiveCfg = Debug|Win32
		{0DB09528-EF12-4D25-9D10-777513E5D97A}.Debug|Win32.Build.0 = Debug|Win32
		{0DB09528-EF12-4D25-9D10-777513E5D97A}.Release|Win32.ActiveCfg = Release|Win32
		{0DB09528-EF12-4D25-9D10-777513E5D97A}.Release|Win32.Build.0 = Release|Win32
		{8BB0E045-E238-4B05-B44A-67DAB38E0034}.Debug|Win32.ActiveCfg = Debug|Win32
		{8BB0E045-E238-4B05-B44A-67DAB38E0034}.Debug|Win32.Build.0 = Debug|Win32
		{8BB0E045-E238-4B05-B44A-67DAB38E0034}.Release|Win32.ActiveCfg = Release|Win32
		{8BB0E045-E238-4B05-B44A-67DAB38E0034}.Release|Win32.Build.0 = Release|Win32
		{3343AE2D-1A13-4643-8978-694F34E472EF}.Debug|Win32.ActiveCfg = Debug|Win32
		{3343AE2D-1A13-4643-8978-694F34E472EF}.Debug|Win32.Build.0 = Debug|Win32
		{3343AE2D-1A13-4643-8978-694F34E472EF}.Release|Win32.ActiveCfg = Release|Win32
		{3343AE2D-1A13-4643-8978-694F34E472EF}.Release|Win32.Build.0 = Release|Win32
		{371D84C2-CB6A-439C-9363-524269AE82EC}.Debug|Win32.ActiveCfg = Debug|Win32
		{371D84C2-CB6A-439C-9363-524269AE82EC}.Debug|Win32.Build.0 = Debug|Win32
		{371D84C2-CB6A-439C-9363-524269AE82EC}.Release|Win32.ActiveCfg = Release|Win32
		{371D84C2-CB6A-439C-9363-524269AE82EC}.Release|Win32.Build.0 = Release|Win32
		{06173645-BD98-4A23-9B45-DEC40BE2362B}.Debug|Win32.ActiveCfg = Debug|Win32
		{06173645-BD98-4A23-9B45-DEC40BE2362B}.Debug|Win32.Build.0 = Debug|Win32
		{06173645-BD98-4A23-9B45-DEC40BE2362B}.Release|Win32.ActiveCfg = Release|Win32
		{06173645-BD98-4A23-9B45-DEC40BE2362B}.Release|Win32.Build.0 = Release|Win32
		{435E0689-C6D1-41A8-AD79-8E1C00F62649}.Debug|Win32.ActiveCfg = Debug|Win32
		{435E0689-C6D1-41A8-AD79-8E1C00F62649}.Debug|Win32.Build.0 = Debug|Win32
		{435E0689-C6D1-41A8-AD79-8E1C00F62649}.Release|Win32.ActiveCfg = Release|Win32
		{435E0689-C6D1-41A8-AD79-8E1C00F62649}.Release|Win32.Build.0 = Release|Win32
		{A6D27378-DA77-4487-830B-101B3A0C7FB4}.Debug|Win32.ActiveCfg = Debug|Win32
		{A6D27378-DA77-4487-830B-101B3A0C7FB4}.Debug|Win32.Build.0 = Debug|Win32
		{A6D27378-DA77-4487-830B-101B3A0C7FB4}.Release|Win32.ActiveCfg = Release|Win32
		{A6D27378-DA77-4487-830B-101B3A0C7FB4}.Release|Win32.Build.0 = Release|Win32
		{DDBA26EB-DE5A-4A4C-9A35-B2985B79B86E}.Debug|Win32.ActiveCfg = Debug|Win32
		{DDBA26EB-DE5A-4A4C-9A35-B2985B79B86E}.Debug|Win32.Build.0 = Debug|Win32
		{DDBA26EB-DE5A-4A4C-9A35-B2985B79B86E}.Release|Win32.ActiveCfg = Release|Win32
		{DDBA26EB-DE5A-4A4C-9A35-B2985B79B86E}.Release|Win32.Build.0 = Release|Win32
		{790BB2F3-861B-4FF9-9FA9-F5A12EB7B18A}.Debug|Win32.ActiveCfg = Debug|Win32
		{790BB2F3-861B-4FF9-9FA9-F5A12EB7B18A}.Debug|Win32.Build.0 = Debug|Win32
		{790BB2F3-861B-4FF9-9FA9-F5A12EB7B18A}.Release|Win32.ActiveCfg = Release|Win32
		{790BB2F3-861B-4FF9-9FA9-F5A12EB7B18A}.Release|Win32.Build.0 = Release|Win32
		{DFBE0511-F064-4DA0-9DDD-306478B1356B}.Debug|Win32.ActiveCfg = Debug|Win32
		{DFBE0511-F064-4DA0-9DDD-306478B1356B}.Debug|Win32.Build.0 = Debug|Win32
		{DFBE0511-F064-4DA0-9DDD-306478B1356B}.Release|Win32.ActiveCfg = Release|Win32
		{DFBE0511-F064-4DA0-9DDD-306478B1356B}.Release|Win32.Build.0 = Release|Win32
		{0B9C4AE3-1D64-4194-BAE7-74CCFE851066}.Debug|Win32.ActiveCfg = Debug|Win32
		{0B9C4AE3-1D64-4194-BAE7-74CCFE851066}.Debug|Win32.Build.0 = Debug|Win32
		{0B9C4AE3-1D64-4194-BAE7-74CCFE851066}.Release|Win32.ActiveCfg = Release|Win32
		{0B9C4AE3-1D64-4194-BAE7-74CCFE851066}.Release|Win32.Build.0 = Release|Win32
		{23D5B5F5-86C9-41FF-A080-0BB7F1523A00}.Debug|Win32.ActiveCfg = Debug|Win32
		{23D5B5F5-86C9-41FF-A080-0BB7F1523A00}.Debug|Win32.Build.0 = Debug|Win32
		{23D5B5F5-86C9-41FF-A080-0BB7F1523A00}.Release|Win32.ActiveCfg = Release|Win32
		{23D5B5F5-86C9-41FF-A080-0BB7F1523A00}.Release|Win32.Build.0 = Release|Win32
		{7A4D49E9-8918-4DD1-87E6-E8339E4BF3E4}.Debug|Win32.ActiveCfg = Debug|Win32
		{7A4D49E9-8918-4DD1-87E6-E8339E4BF3E4}.Debug|Win32.Build.0 = Debug|Win32
		{7A4D49E9-8918-4DD1-87E6-E8339E4BF3E4}.Release|Win32.ActiveCfg = Release|Win32
		{7A4D49E9-8918-4DD1-87E6-E8339E4BF3E4}.Release|Win32.Build.0 = Release|Win32
		{BAABDA15-6B2D-4994-B7E4-87A63FE1620C}.Debug|Win32.ActiveCfg = Debug|Win32
		{BAABDA15-6B2D-4994-B7E4-87A63FE1620C}.Debug|Win32.Build.0 = Debug|Win32
		{BAABDA15-6B2D-4994-B7E4-87A63FE1620C}.Release|Win32.ActiveCfg = Release|Win32
		{BAABDA15-6B2D-4994-B7E4-87A63FE1620C}.Release|Win32.Build.0 = Release|Win32
		{B29C0C64-F13D-4BE7-957E-F582CD5D8EA0}.Debug|Win32.ActiveCfg = Debug|Win32
		{B29C0C64-F13D-4BE7-957E-F582CD5D8EA0}.Debug|Win32.Build.0 = Debug|Win32
		{B29C0C64-F13D-4BE7-957E-F582CD5D8EA0}.Release|Win32.ActiveCfg = Release|Win32
		{B29C0C64-F13D-4BE7-957E-F582CD5D8EA0}.Release|Win32.Build.0 = Release|Win32
		{8AA59735-8D69-4085-9B6E-8A4CC62E9225}.Debug|Win32.ActiveCfg = Debug|Win32
		{8AA59735-8D69-4085-9B6E-8A4CC62E9225}.Debug|Win32.Build.0 = Debug|Win32
		{8AA59735-8D69-4085-9B6E-8A4CC62E9225}.Release|Win32.ActiveCfg = Release|Win32
		{8AA59735-8D69-4085-9B6E-8A4CC62E9225}.Release|Win32.Build.0 = Release|Win32
		{0E3A251E-8F20-4741-8615-95F40FEF8BDD}.Debug|Win32.ActiveCfg = Debug|Win32
		{0E3A251E-8F20-4741-8615-95F40FEF8BDD}.Debug|Win32.Build.0 = Debug|Win32
		{0E3A251E-8F20-4741-8615-95F40FEF8BDD}.Release|Win32.ActiveCfg = Release|Win32
		{0E3A251E-8F20-4741-8615-95F40FEF8BDD}.Release|Win32.Build.0 = Release|Win32
		{7EB31F3D-CB31-4607-A937-664B36EF4528}.Debug|Win32.ActiveCfg = Debug|Win32
		{7EB31F3D-CB31-4607-A937-664B36EF4528}.Debug|Win32.Build.0 = Debug|Win32
		{7EB31F3D-CB31-4607-A937-664B36EF4528}.Release|Win32.ActiveCfg = Release|Win32
		{7EB31F3D-CB31-4607-A937-664B36EF4528}.Release|Win32.Build.0 = Release|Win32
	EndGlobalSection
	GlobalSection(SolutionProperties) = preSolution
		HideSolutionNode = FALSE
	EndGlobalSection
EndGlobal
